// !$*UTF8*$!
{
	archiveVersion = 1;
	classes = {
	};
	objectVersion = 46;
	objects = {

/* Begin PBXBuildFile section */
		2CC5DA228EC3EFC57197F957 /* Pods_TennisTrackit__Enterprise_.framework in Frameworks */ = {isa = PBXBuildFile; fileRef = EC91EAB0A87E95AFD7836887 /* Pods_TennisTrackit__Enterprise_.framework */; };
		8414617F1E797C8B007D5002 /* Info.plist in Resources */ = {isa = PBXBuildFile; fileRef = 84839C121E65D08A00751F65 /* Info.plist */; };
		841461B21E798482007D5002 /* HomeInterfaces.swift in Sources */ = {isa = PBXBuildFile; fileRef = 841461A41E798482007D5002 /* HomeInterfaces.swift */; };
		841461B31E798482007D5002 /* HomeInterfaces.swift in Sources */ = {isa = PBXBuildFile; fileRef = 841461A41E798482007D5002 /* HomeInterfaces.swift */; };
		841461B41E798482007D5002 /* HomeModule.swift in Sources */ = {isa = PBXBuildFile; fileRef = 841461A51E798482007D5002 /* HomeModule.swift */; };
		841461B51E798482007D5002 /* HomeModule.swift in Sources */ = {isa = PBXBuildFile; fileRef = 841461A51E798482007D5002 /* HomeModule.swift */; };
		841461B61E798482007D5002 /* HomeInteractor.swift in Sources */ = {isa = PBXBuildFile; fileRef = 841461A71E798482007D5002 /* HomeInteractor.swift */; };
		841461B71E798482007D5002 /* HomeInteractor.swift in Sources */ = {isa = PBXBuildFile; fileRef = 841461A71E798482007D5002 /* HomeInteractor.swift */; };
		841461B81E798482007D5002 /* HomeListDataItem.swift in Sources */ = {isa = PBXBuildFile; fileRef = 841461A81E798482007D5002 /* HomeListDataItem.swift */; };
		841461B91E798482007D5002 /* HomeListDataItem.swift in Sources */ = {isa = PBXBuildFile; fileRef = 841461A81E798482007D5002 /* HomeListDataItem.swift */; };
		841461BA1E798482007D5002 /* HomeListDisplayItem.swift in Sources */ = {isa = PBXBuildFile; fileRef = 841461AA1E798482007D5002 /* HomeListDisplayItem.swift */; };
		841461BB1E798482007D5002 /* HomeListDisplayItem.swift in Sources */ = {isa = PBXBuildFile; fileRef = 841461AA1E798482007D5002 /* HomeListDisplayItem.swift */; };
		841461BC1E798482007D5002 /* HomePresenter.swift in Sources */ = {isa = PBXBuildFile; fileRef = 841461AB1E798482007D5002 /* HomePresenter.swift */; };
		841461BD1E798482007D5002 /* HomePresenter.swift in Sources */ = {isa = PBXBuildFile; fileRef = 841461AB1E798482007D5002 /* HomePresenter.swift */; };
		841461BE1E798482007D5002 /* HomeListTableViewCell.swift in Sources */ = {isa = PBXBuildFile; fileRef = 841461AD1E798482007D5002 /* HomeListTableViewCell.swift */; };
		841461BF1E798482007D5002 /* HomeListTableViewCell.swift in Sources */ = {isa = PBXBuildFile; fileRef = 841461AD1E798482007D5002 /* HomeListTableViewCell.swift */; };
		841461C01E798482007D5002 /* HomeListTableViewCell.xib in Resources */ = {isa = PBXBuildFile; fileRef = 841461AE1E798482007D5002 /* HomeListTableViewCell.xib */; };
		841461C11E798482007D5002 /* HomeListTableViewCell.xib in Resources */ = {isa = PBXBuildFile; fileRef = 841461AE1E798482007D5002 /* HomeListTableViewCell.xib */; };
		841461C21E798482007D5002 /* HomeViewController.swift in Sources */ = {isa = PBXBuildFile; fileRef = 841461AF1E798482007D5002 /* HomeViewController.swift */; };
		841461C31E798482007D5002 /* HomeViewController.swift in Sources */ = {isa = PBXBuildFile; fileRef = 841461AF1E798482007D5002 /* HomeViewController.swift */; };
		841461C41E798482007D5002 /* HomeWireframe.swift in Sources */ = {isa = PBXBuildFile; fileRef = 841461B11E798482007D5002 /* HomeWireframe.swift */; };
		841461C51E798482007D5002 /* HomeWireframe.swift in Sources */ = {isa = PBXBuildFile; fileRef = 841461B11E798482007D5002 /* HomeWireframe.swift */; };
		841C0BD61EB92DB700902D10 /* GoalsInterfaces.swift in Sources */ = {isa = PBXBuildFile; fileRef = 841C0BC81EB92DB700902D10 /* GoalsInterfaces.swift */; };
		841C0BD71EB92DB700902D10 /* GoalsInterfaces.swift in Sources */ = {isa = PBXBuildFile; fileRef = 841C0BC81EB92DB700902D10 /* GoalsInterfaces.swift */; };
		841C0BD81EB92DB700902D10 /* GoalsModule.swift in Sources */ = {isa = PBXBuildFile; fileRef = 841C0BC91EB92DB700902D10 /* GoalsModule.swift */; };
		841C0BD91EB92DB700902D10 /* GoalsModule.swift in Sources */ = {isa = PBXBuildFile; fileRef = 841C0BC91EB92DB700902D10 /* GoalsModule.swift */; };
		841C0BDA1EB92DB700902D10 /* GoalsInteractor.swift in Sources */ = {isa = PBXBuildFile; fileRef = 841C0BCB1EB92DB700902D10 /* GoalsInteractor.swift */; };
		841C0BDB1EB92DB700902D10 /* GoalsInteractor.swift in Sources */ = {isa = PBXBuildFile; fileRef = 841C0BCB1EB92DB700902D10 /* GoalsInteractor.swift */; };
		841C0BDC1EB92DB700902D10 /* GoalsListDataItem.swift in Sources */ = {isa = PBXBuildFile; fileRef = 841C0BCC1EB92DB700902D10 /* GoalsListDataItem.swift */; };
		841C0BDD1EB92DB700902D10 /* GoalsListDataItem.swift in Sources */ = {isa = PBXBuildFile; fileRef = 841C0BCC1EB92DB700902D10 /* GoalsListDataItem.swift */; };
		841C0BDE1EB92DB700902D10 /* GoalsListDisplayItem.swift in Sources */ = {isa = PBXBuildFile; fileRef = 841C0BCE1EB92DB700902D10 /* GoalsListDisplayItem.swift */; };
		841C0BDF1EB92DB700902D10 /* GoalsListDisplayItem.swift in Sources */ = {isa = PBXBuildFile; fileRef = 841C0BCE1EB92DB700902D10 /* GoalsListDisplayItem.swift */; };
		841C0BE01EB92DB700902D10 /* GoalsPresenter.swift in Sources */ = {isa = PBXBuildFile; fileRef = 841C0BCF1EB92DB700902D10 /* GoalsPresenter.swift */; };
		841C0BE11EB92DB700902D10 /* GoalsPresenter.swift in Sources */ = {isa = PBXBuildFile; fileRef = 841C0BCF1EB92DB700902D10 /* GoalsPresenter.swift */; };
		841C0BE21EB92DB700902D10 /* GoalsListTableViewCell.swift in Sources */ = {isa = PBXBuildFile; fileRef = 841C0BD11EB92DB700902D10 /* GoalsListTableViewCell.swift */; };
		841C0BE31EB92DB700902D10 /* GoalsListTableViewCell.swift in Sources */ = {isa = PBXBuildFile; fileRef = 841C0BD11EB92DB700902D10 /* GoalsListTableViewCell.swift */; };
		841C0BE41EB92DB700902D10 /* GoalsListTableViewCell.xib in Resources */ = {isa = PBXBuildFile; fileRef = 841C0BD21EB92DB700902D10 /* GoalsListTableViewCell.xib */; };
		841C0BE51EB92DB700902D10 /* GoalsListTableViewCell.xib in Resources */ = {isa = PBXBuildFile; fileRef = 841C0BD21EB92DB700902D10 /* GoalsListTableViewCell.xib */; };
		841C0BE61EB92DB700902D10 /* GoalsViewController.swift in Sources */ = {isa = PBXBuildFile; fileRef = 841C0BD31EB92DB700902D10 /* GoalsViewController.swift */; };
		841C0BE71EB92DB700902D10 /* GoalsViewController.swift in Sources */ = {isa = PBXBuildFile; fileRef = 841C0BD31EB92DB700902D10 /* GoalsViewController.swift */; };
		841C0BE81EB92DB700902D10 /* GoalsWireframe.swift in Sources */ = {isa = PBXBuildFile; fileRef = 841C0BD51EB92DB700902D10 /* GoalsWireframe.swift */; };
		841C0BE91EB92DB700902D10 /* GoalsWireframe.swift in Sources */ = {isa = PBXBuildFile; fileRef = 841C0BD51EB92DB700902D10 /* GoalsWireframe.swift */; };
		841C0BEB1EB9310D00902D10 /* Constants.swift in Sources */ = {isa = PBXBuildFile; fileRef = 841C0BEA1EB9310D00902D10 /* Constants.swift */; };
		841C0BEC1EB9310D00902D10 /* Constants.swift in Sources */ = {isa = PBXBuildFile; fileRef = 841C0BEA1EB9310D00902D10 /* Constants.swift */; };
		841C0BEF1EB9363800902D10 /* Color.swift in Sources */ = {isa = PBXBuildFile; fileRef = 8431C6831E7D763600F47041 /* Color.swift */; };
		8431C6841E7D763600F47041 /* Color.swift in Sources */ = {isa = PBXBuildFile; fileRef = 8431C6831E7D763600F47041 /* Color.swift */; };
		8431C6861E7D86E100F47041 /* rockin_record_g.ttf in Resources */ = {isa = PBXBuildFile; fileRef = 8431C6851E7D86E100F47041 /* rockin_record_g.ttf */; };
		8431C6871E7D86E100F47041 /* rockin_record_g.ttf in Resources */ = {isa = PBXBuildFile; fileRef = 8431C6851E7D86E100F47041 /* rockin_record_g.ttf */; };
		8431C6971E7DA70100F47041 /* MenuInteractor.swift in Sources */ = {isa = PBXBuildFile; fileRef = 8431C68A1E7DA70100F47041 /* MenuInteractor.swift */; };
		8431C6981E7DA70100F47041 /* MenuInteractor.swift in Sources */ = {isa = PBXBuildFile; fileRef = 8431C68A1E7DA70100F47041 /* MenuInteractor.swift */; };
		8431C6991E7DA70100F47041 /* MenuListDataItem.swift in Sources */ = {isa = PBXBuildFile; fileRef = 8431C68B1E7DA70100F47041 /* MenuListDataItem.swift */; };
		8431C69A1E7DA70100F47041 /* MenuListDataItem.swift in Sources */ = {isa = PBXBuildFile; fileRef = 8431C68B1E7DA70100F47041 /* MenuListDataItem.swift */; };
		8431C69B1E7DA70100F47041 /* MenuInterfaces.swift in Sources */ = {isa = PBXBuildFile; fileRef = 8431C68C1E7DA70100F47041 /* MenuInterfaces.swift */; };
		8431C69C1E7DA70100F47041 /* MenuInterfaces.swift in Sources */ = {isa = PBXBuildFile; fileRef = 8431C68C1E7DA70100F47041 /* MenuInterfaces.swift */; };
		8431C69D1E7DA70100F47041 /* MenuModule.swift in Sources */ = {isa = PBXBuildFile; fileRef = 8431C68D1E7DA70100F47041 /* MenuModule.swift */; };
		8431C69E1E7DA70100F47041 /* MenuModule.swift in Sources */ = {isa = PBXBuildFile; fileRef = 8431C68D1E7DA70100F47041 /* MenuModule.swift */; };
		8431C69F1E7DA70100F47041 /* MenuListDisplayItem.swift in Sources */ = {isa = PBXBuildFile; fileRef = 8431C68F1E7DA70100F47041 /* MenuListDisplayItem.swift */; };
		8431C6A01E7DA70100F47041 /* MenuListDisplayItem.swift in Sources */ = {isa = PBXBuildFile; fileRef = 8431C68F1E7DA70100F47041 /* MenuListDisplayItem.swift */; };
		8431C6A11E7DA70100F47041 /* MenuPresenter.swift in Sources */ = {isa = PBXBuildFile; fileRef = 8431C6901E7DA70100F47041 /* MenuPresenter.swift */; };
		8431C6A21E7DA70100F47041 /* MenuPresenter.swift in Sources */ = {isa = PBXBuildFile; fileRef = 8431C6901E7DA70100F47041 /* MenuPresenter.swift */; };
		8431C6A31E7DA70100F47041 /* MenuListTableViewCell.swift in Sources */ = {isa = PBXBuildFile; fileRef = 8431C6921E7DA70100F47041 /* MenuListTableViewCell.swift */; };
		8431C6A41E7DA70100F47041 /* MenuListTableViewCell.swift in Sources */ = {isa = PBXBuildFile; fileRef = 8431C6921E7DA70100F47041 /* MenuListTableViewCell.swift */; };
		8431C6A51E7DA70100F47041 /* MenuListTableViewCell.xib in Resources */ = {isa = PBXBuildFile; fileRef = 8431C6931E7DA70100F47041 /* MenuListTableViewCell.xib */; };
		8431C6A61E7DA70100F47041 /* MenuListTableViewCell.xib in Resources */ = {isa = PBXBuildFile; fileRef = 8431C6931E7DA70100F47041 /* MenuListTableViewCell.xib */; };
		8431C6A71E7DA70100F47041 /* MenuViewController.swift in Sources */ = {isa = PBXBuildFile; fileRef = 8431C6941E7DA70100F47041 /* MenuViewController.swift */; };
		8431C6A81E7DA70100F47041 /* MenuViewController.swift in Sources */ = {isa = PBXBuildFile; fileRef = 8431C6941E7DA70100F47041 /* MenuViewController.swift */; };
		8431C6A91E7DA70100F47041 /* MenuWireframe.swift in Sources */ = {isa = PBXBuildFile; fileRef = 8431C6961E7DA70100F47041 /* MenuWireframe.swift */; };
		8431C6AA1E7DA70100F47041 /* MenuWireframe.swift in Sources */ = {isa = PBXBuildFile; fileRef = 8431C6961E7DA70100F47041 /* MenuWireframe.swift */; };
		84839C0E1E65D08A00751F65 /* Assets.xcassets in Resources */ = {isa = PBXBuildFile; fileRef = 84839C0D1E65D08A00751F65 /* Assets.xcassets */; };
		84839C111E65D08A00751F65 /* LaunchScreen.storyboard in Resources */ = {isa = PBXBuildFile; fileRef = 84839C0F1E65D08A00751F65 /* LaunchScreen.storyboard */; };
		84839C1C1E65D08A00751F65 /* TennisTrackitTests.swift in Sources */ = {isa = PBXBuildFile; fileRef = 84839C1B1E65D08A00751F65 /* TennisTrackitTests.swift */; };
		84839C2B1E65D19200751F65 /* LaunchScreen.storyboard in Resources */ = {isa = PBXBuildFile; fileRef = 84839C0F1E65D08A00751F65 /* LaunchScreen.storyboard */; };
		84839C2C1E65D19200751F65 /* Assets.xcassets in Resources */ = {isa = PBXBuildFile; fileRef = 84839C0D1E65D08A00751F65 /* Assets.xcassets */; };
		848FFD451E76F30700F1BBF7 /* EmptyView.swift in Sources */ = {isa = PBXBuildFile; fileRef = 848FFD271E76F30700F1BBF7 /* EmptyView.swift */; };
		848FFD461E76F30700F1BBF7 /* EmptyView.swift in Sources */ = {isa = PBXBuildFile; fileRef = 848FFD271E76F30700F1BBF7 /* EmptyView.swift */; };
		848FFD471E76F30700F1BBF7 /* EmptyView.xib in Resources */ = {isa = PBXBuildFile; fileRef = 848FFD281E76F30700F1BBF7 /* EmptyView.xib */; };
		848FFD481E76F30700F1BBF7 /* EmptyView.xib in Resources */ = {isa = PBXBuildFile; fileRef = 848FFD281E76F30700F1BBF7 /* EmptyView.xib */; };
		848FFD491E76F30700F1BBF7 /* ViewController.swift in Sources */ = {isa = PBXBuildFile; fileRef = 848FFD291E76F30700F1BBF7 /* ViewController.swift */; };
		848FFD4A1E76F30700F1BBF7 /* ViewController.swift in Sources */ = {isa = PBXBuildFile; fileRef = 848FFD291E76F30700F1BBF7 /* ViewController.swift */; };
		848FFD4B1E76F30700F1BBF7 /* Wireframe.swift in Sources */ = {isa = PBXBuildFile; fileRef = 848FFD2B1E76F30700F1BBF7 /* Wireframe.swift */; };
		848FFD4C1E76F30700F1BBF7 /* Wireframe.swift in Sources */ = {isa = PBXBuildFile; fileRef = 848FFD2B1E76F30700F1BBF7 /* Wireframe.swift */; };
		848FFD4D1E76F30700F1BBF7 /* PagingInteractor.swift in Sources */ = {isa = PBXBuildFile; fileRef = 848FFD2E1E76F30700F1BBF7 /* PagingInteractor.swift */; };
		848FFD4E1E76F30700F1BBF7 /* PagingInteractor.swift in Sources */ = {isa = PBXBuildFile; fileRef = 848FFD2E1E76F30700F1BBF7 /* PagingInteractor.swift */; };
		848FFD4F1E76F30700F1BBF7 /* PagingInterfaces.swift in Sources */ = {isa = PBXBuildFile; fileRef = 848FFD2F1E76F30700F1BBF7 /* PagingInterfaces.swift */; };
		848FFD501E76F30700F1BBF7 /* PagingInterfaces.swift in Sources */ = {isa = PBXBuildFile; fileRef = 848FFD2F1E76F30700F1BBF7 /* PagingInterfaces.swift */; };
		848FFD511E76F30700F1BBF7 /* PagingPresenter.swift in Sources */ = {isa = PBXBuildFile; fileRef = 848FFD311E76F30700F1BBF7 /* PagingPresenter.swift */; };
		848FFD521E76F30700F1BBF7 /* PagingPresenter.swift in Sources */ = {isa = PBXBuildFile; fileRef = 848FFD311E76F30700F1BBF7 /* PagingPresenter.swift */; };
		848FFD531E76F30700F1BBF7 /* PagingCollectionViewController.swift in Sources */ = {isa = PBXBuildFile; fileRef = 848FFD331E76F30700F1BBF7 /* PagingCollectionViewController.swift */; };
		848FFD541E76F30700F1BBF7 /* PagingCollectionViewController.swift in Sources */ = {isa = PBXBuildFile; fileRef = 848FFD331E76F30700F1BBF7 /* PagingCollectionViewController.swift */; };
		848FFD551E76F30700F1BBF7 /* PagingLoadingView.swift in Sources */ = {isa = PBXBuildFile; fileRef = 848FFD341E76F30700F1BBF7 /* PagingLoadingView.swift */; };
		848FFD561E76F30700F1BBF7 /* PagingLoadingView.swift in Sources */ = {isa = PBXBuildFile; fileRef = 848FFD341E76F30700F1BBF7 /* PagingLoadingView.swift */; };
		848FFD571E76F30700F1BBF7 /* PagingLoadingView.xib in Resources */ = {isa = PBXBuildFile; fileRef = 848FFD351E76F30700F1BBF7 /* PagingLoadingView.xib */; };
		848FFD581E76F30700F1BBF7 /* PagingLoadingView.xib in Resources */ = {isa = PBXBuildFile; fileRef = 848FFD351E76F30700F1BBF7 /* PagingLoadingView.xib */; };
		848FFD591E76F30700F1BBF7 /* PagingStaleDataView.swift in Sources */ = {isa = PBXBuildFile; fileRef = 848FFD361E76F30700F1BBF7 /* PagingStaleDataView.swift */; };
		848FFD5A1E76F30700F1BBF7 /* PagingStaleDataView.swift in Sources */ = {isa = PBXBuildFile; fileRef = 848FFD361E76F30700F1BBF7 /* PagingStaleDataView.swift */; };
		848FFD5B1E76F30700F1BBF7 /* PagingStaleDataView.xib in Resources */ = {isa = PBXBuildFile; fileRef = 848FFD371E76F30700F1BBF7 /* PagingStaleDataView.xib */; };
		848FFD5C1E76F30700F1BBF7 /* PagingStaleDataView.xib in Resources */ = {isa = PBXBuildFile; fileRef = 848FFD371E76F30700F1BBF7 /* PagingStaleDataView.xib */; };
		848FFD5D1E76F30700F1BBF7 /* PagingTableViewController.swift in Sources */ = {isa = PBXBuildFile; fileRef = 848FFD381E76F30700F1BBF7 /* PagingTableViewController.swift */; };
		848FFD5E1E76F30700F1BBF7 /* PagingTableViewController.swift in Sources */ = {isa = PBXBuildFile; fileRef = 848FFD381E76F30700F1BBF7 /* PagingTableViewController.swift */; };
		848FFD5F1E76F30700F1BBF7 /* SectionItemDisplayDataCollection.swift in Sources */ = {isa = PBXBuildFile; fileRef = 848FFD3B1E76F30700F1BBF7 /* SectionItemDisplayDataCollection.swift */; };
		848FFD601E76F30700F1BBF7 /* SectionItemDisplayDataCollection.swift in Sources */ = {isa = PBXBuildFile; fileRef = 848FFD3B1E76F30700F1BBF7 /* SectionItemDisplayDataCollection.swift */; };
		848FFD611E76F30700F1BBF7 /* SectionItemPresenter.swift in Sources */ = {isa = PBXBuildFile; fileRef = 848FFD3C1E76F30700F1BBF7 /* SectionItemPresenter.swift */; };
		848FFD621E76F30700F1BBF7 /* SectionItemPresenter.swift in Sources */ = {isa = PBXBuildFile; fileRef = 848FFD3C1E76F30700F1BBF7 /* SectionItemPresenter.swift */; };
		848FFD631E76F30700F1BBF7 /* SectionItemInterfaces.swift in Sources */ = {isa = PBXBuildFile; fileRef = 848FFD3D1E76F30700F1BBF7 /* SectionItemInterfaces.swift */; };
		848FFD641E76F30700F1BBF7 /* SectionItemInterfaces.swift in Sources */ = {isa = PBXBuildFile; fileRef = 848FFD3D1E76F30700F1BBF7 /* SectionItemInterfaces.swift */; };
		848FFD651E76F30700F1BBF7 /* CollectionViewController.swift in Sources */ = {isa = PBXBuildFile; fileRef = 848FFD3F1E76F30700F1BBF7 /* CollectionViewController.swift */; };
		848FFD661E76F30700F1BBF7 /* CollectionViewController.swift in Sources */ = {isa = PBXBuildFile; fileRef = 848FFD3F1E76F30700F1BBF7 /* CollectionViewController.swift */; };
		848FFD671E76F30700F1BBF7 /* CollectionViewDataSource.swift in Sources */ = {isa = PBXBuildFile; fileRef = 848FFD401E76F30700F1BBF7 /* CollectionViewDataSource.swift */; };
		848FFD681E76F30700F1BBF7 /* CollectionViewDataSource.swift in Sources */ = {isa = PBXBuildFile; fileRef = 848FFD401E76F30700F1BBF7 /* CollectionViewDataSource.swift */; };
		848FFD691E76F30700F1BBF7 /* CollectionViewDelegate.swift in Sources */ = {isa = PBXBuildFile; fileRef = 848FFD411E76F30700F1BBF7 /* CollectionViewDelegate.swift */; };
		848FFD6A1E76F30700F1BBF7 /* CollectionViewDelegate.swift in Sources */ = {isa = PBXBuildFile; fileRef = 848FFD411E76F30700F1BBF7 /* CollectionViewDelegate.swift */; };
		848FFD6B1E76F30700F1BBF7 /* TableViewController.swift in Sources */ = {isa = PBXBuildFile; fileRef = 848FFD421E76F30700F1BBF7 /* TableViewController.swift */; };
		848FFD6C1E76F30700F1BBF7 /* TableViewController.swift in Sources */ = {isa = PBXBuildFile; fileRef = 848FFD421E76F30700F1BBF7 /* TableViewController.swift */; };
		848FFD6D1E76F30700F1BBF7 /* TableViewDataSource.swift in Sources */ = {isa = PBXBuildFile; fileRef = 848FFD431E76F30700F1BBF7 /* TableViewDataSource.swift */; };
		848FFD6E1E76F30700F1BBF7 /* TableViewDataSource.swift in Sources */ = {isa = PBXBuildFile; fileRef = 848FFD431E76F30700F1BBF7 /* TableViewDataSource.swift */; };
		848FFD6F1E76F30700F1BBF7 /* TableViewDelegate.swift in Sources */ = {isa = PBXBuildFile; fileRef = 848FFD441E76F30700F1BBF7 /* TableViewDelegate.swift */; };
		848FFD701E76F30700F1BBF7 /* TableViewDelegate.swift in Sources */ = {isa = PBXBuildFile; fileRef = 848FFD441E76F30700F1BBF7 /* TableViewDelegate.swift */; };
		84B377F71E69AE3000013603 /* environment.plist in Resources */ = {isa = PBXBuildFile; fileRef = 84B377F61E69AE3000013603 /* environment.plist */; };
		84B377F81E69AE3000013603 /* environment.plist in Resources */ = {isa = PBXBuildFile; fileRef = 84B377F61E69AE3000013603 /* environment.plist */; };
		84B377FD1E69AEE700013603 /* AppDelegate.swift in Sources */ = {isa = PBXBuildFile; fileRef = 84B377FA1E69AEE700013603 /* AppDelegate.swift */; };
		84B377FE1E69AEE700013603 /* AppDelegate.swift in Sources */ = {isa = PBXBuildFile; fileRef = 84B377FA1E69AEE700013603 /* AppDelegate.swift */; };
		84B378071E69B27500013603 /* Appearance.swift in Sources */ = {isa = PBXBuildFile; fileRef = 84B378031E69B27500013603 /* Appearance.swift */; };
		84B378081E69B27500013603 /* Appearance.swift in Sources */ = {isa = PBXBuildFile; fileRef = 84B378031E69B27500013603 /* Appearance.swift */; };
		84B378091E69B27500013603 /* Font.swift in Sources */ = {isa = PBXBuildFile; fileRef = 84B378041E69B27500013603 /* Font.swift */; };
		84B3780A1E69B27500013603 /* Font.swift in Sources */ = {isa = PBXBuildFile; fileRef = 84B378041E69B27500013603 /* Font.swift */; };
		84B3780B1E69B27500013603 /* NSDate.swift in Sources */ = {isa = PBXBuildFile; fileRef = 84B378051E69B27500013603 /* NSDate.swift */; };
		84B3780C1E69B27500013603 /* NSDate.swift in Sources */ = {isa = PBXBuildFile; fileRef = 84B378051E69B27500013603 /* NSDate.swift */; };
		84B3780D1E69B27500013603 /* String.swift in Sources */ = {isa = PBXBuildFile; fileRef = 84B378061E69B27500013603 /* String.swift */; };
		84B3780E1E69B27500013603 /* String.swift in Sources */ = {isa = PBXBuildFile; fileRef = 84B378061E69B27500013603 /* String.swift */; };
		84B378151E69B5AF00013603 /* NSIndexPath.swift in Sources */ = {isa = PBXBuildFile; fileRef = 84B3780F1E69B5AF00013603 /* NSIndexPath.swift */; };
		84B378161E69B5AF00013603 /* NSIndexPath.swift in Sources */ = {isa = PBXBuildFile; fileRef = 84B3780F1E69B5AF00013603 /* NSIndexPath.swift */; };
		84B378171E69B5AF00013603 /* NSObject.swift in Sources */ = {isa = PBXBuildFile; fileRef = 84B378101E69B5AF00013603 /* NSObject.swift */; };
		84B378181E69B5AF00013603 /* NSObject.swift in Sources */ = {isa = PBXBuildFile; fileRef = 84B378101E69B5AF00013603 /* NSObject.swift */; };
		84B378191E69B5AF00013603 /* UICollectionView.swift in Sources */ = {isa = PBXBuildFile; fileRef = 84B378111E69B5AF00013603 /* UICollectionView.swift */; };
		84B3781A1E69B5AF00013603 /* UICollectionView.swift in Sources */ = {isa = PBXBuildFile; fileRef = 84B378111E69B5AF00013603 /* UICollectionView.swift */; };
		84B3781B1E69B5AF00013603 /* UITableView.swift in Sources */ = {isa = PBXBuildFile; fileRef = 84B378121E69B5AF00013603 /* UITableView.swift */; };
		84B3781C1E69B5AF00013603 /* UITableView.swift in Sources */ = {isa = PBXBuildFile; fileRef = 84B378121E69B5AF00013603 /* UITableView.swift */; };
		84B3781D1E69B5AF00013603 /* UIView.swift in Sources */ = {isa = PBXBuildFile; fileRef = 84B378131E69B5AF00013603 /* UIView.swift */; };
		84B3781E1E69B5AF00013603 /* UIView.swift in Sources */ = {isa = PBXBuildFile; fileRef = 84B378131E69B5AF00013603 /* UIView.swift */; };
		84B3781F1E69B5AF00013603 /* UIViewController.swift in Sources */ = {isa = PBXBuildFile; fileRef = 84B378141E69B5AF00013603 /* UIViewController.swift */; };
		84B378201E69B5AF00013603 /* UIViewController.swift in Sources */ = {isa = PBXBuildFile; fileRef = 84B378141E69B5AF00013603 /* UIViewController.swift */; };
		84C334561E7980DD0088F561 /* Paginator.swift in Sources */ = {isa = PBXBuildFile; fileRef = 84C334551E7980DD0088F561 /* Paginator.swift */; };
		84C334571E7980DD0088F561 /* Paginator.swift in Sources */ = {isa = PBXBuildFile; fileRef = 84C334551E7980DD0088F561 /* Paginator.swift */; };
		84C334591E79905F0088F561 /* Array.swift in Sources */ = {isa = PBXBuildFile; fileRef = 84C334581E79905F0088F561 /* Array.swift */; };
		84C3345A1E79905F0088F561 /* Array.swift in Sources */ = {isa = PBXBuildFile; fileRef = 84C334581E79905F0088F561 /* Array.swift */; };
		84C3345C1E7990F00088F561 /* NSRange.swift in Sources */ = {isa = PBXBuildFile; fileRef = 84C3345B1E7990F00088F561 /* NSRange.swift */; };
		84C3345D1E7990F00088F561 /* NSRange.swift in Sources */ = {isa = PBXBuildFile; fileRef = 84C3345B1E7990F00088F561 /* NSRange.swift */; };
		88E2E5D963075E695D9FC21E /* Pods_TennisTrackit__Development_.framework in Frameworks */ = {isa = PBXBuildFile; fileRef = C84A7AD3283D06AA6BB37798 /* Pods_TennisTrackit__Development_.framework */; };
/* End PBXBuildFile section */

/* Begin PBXContainerItemProxy section */
		84839C181E65D08A00751F65 /* PBXContainerItemProxy */ = {
			isa = PBXContainerItemProxy;
			containerPortal = 84839BFB1E65D08A00751F65 /* Project object */;
			proxyType = 1;
			remoteGlobalIDString = 84839C021E65D08A00751F65;
			remoteInfo = TennisTrackit;
		};
/* End PBXContainerItemProxy section */

/* Begin PBXFileReference section */
		7F87AAEE2EB7D8E056847C19 /* Pods-TennisTrackit [Development].release.xcconfig */ = {isa = PBXFileReference; includeInIndex = 1; lastKnownFileType = text.xcconfig; name = "Pods-TennisTrackit [Development].release.xcconfig"; path = "Pods/Target Support Files/Pods-TennisTrackit [Development]/Pods-TennisTrackit [Development].release.xcconfig"; sourceTree = "<group>"; };
		828CECB763F9D9A0CE20356F /* Pods-TennisTrackit [Development].debug.xcconfig */ = {isa = PBXFileReference; includeInIndex = 1; lastKnownFileType = text.xcconfig; name = "Pods-TennisTrackit [Development].debug.xcconfig"; path = "Pods/Target Support Files/Pods-TennisTrackit [Development]/Pods-TennisTrackit [Development].debug.xcconfig"; sourceTree = "<group>"; };
		841461A41E798482007D5002 /* HomeInterfaces.swift */ = {isa = PBXFileReference; fileEncoding = 4; lastKnownFileType = sourcecode.swift; path = HomeInterfaces.swift; sourceTree = "<group>"; };
		841461A51E798482007D5002 /* HomeModule.swift */ = {isa = PBXFileReference; fileEncoding = 4; lastKnownFileType = sourcecode.swift; path = HomeModule.swift; sourceTree = "<group>"; };
		841461A71E798482007D5002 /* HomeInteractor.swift */ = {isa = PBXFileReference; fileEncoding = 4; lastKnownFileType = sourcecode.swift; path = HomeInteractor.swift; sourceTree = "<group>"; };
		841461A81E798482007D5002 /* HomeListDataItem.swift */ = {isa = PBXFileReference; fileEncoding = 4; lastKnownFileType = sourcecode.swift; path = HomeListDataItem.swift; sourceTree = "<group>"; };
		841461AA1E798482007D5002 /* HomeListDisplayItem.swift */ = {isa = PBXFileReference; fileEncoding = 4; lastKnownFileType = sourcecode.swift; path = HomeListDisplayItem.swift; sourceTree = "<group>"; };
		841461AB1E798482007D5002 /* HomePresenter.swift */ = {isa = PBXFileReference; fileEncoding = 4; lastKnownFileType = sourcecode.swift; path = HomePresenter.swift; sourceTree = "<group>"; };
		841461AD1E798482007D5002 /* HomeListTableViewCell.swift */ = {isa = PBXFileReference; fileEncoding = 4; lastKnownFileType = sourcecode.swift; path = HomeListTableViewCell.swift; sourceTree = "<group>"; };
		841461AE1E798482007D5002 /* HomeListTableViewCell.xib */ = {isa = PBXFileReference; fileEncoding = 4; lastKnownFileType = file.xib; path = HomeListTableViewCell.xib; sourceTree = "<group>"; };
		841461AF1E798482007D5002 /* HomeViewController.swift */ = {isa = PBXFileReference; fileEncoding = 4; lastKnownFileType = sourcecode.swift; path = HomeViewController.swift; sourceTree = "<group>"; };
		841461B11E798482007D5002 /* HomeWireframe.swift */ = {isa = PBXFileReference; fileEncoding = 4; lastKnownFileType = sourcecode.swift; path = HomeWireframe.swift; sourceTree = "<group>"; };
		841C0BC81EB92DB700902D10 /* GoalsInterfaces.swift */ = {isa = PBXFileReference; fileEncoding = 4; lastKnownFileType = sourcecode.swift; path = GoalsInterfaces.swift; sourceTree = "<group>"; };
		841C0BC91EB92DB700902D10 /* GoalsModule.swift */ = {isa = PBXFileReference; fileEncoding = 4; lastKnownFileType = sourcecode.swift; path = GoalsModule.swift; sourceTree = "<group>"; };
		841C0BCB1EB92DB700902D10 /* GoalsInteractor.swift */ = {isa = PBXFileReference; fileEncoding = 4; lastKnownFileType = sourcecode.swift; path = GoalsInteractor.swift; sourceTree = "<group>"; };
		841C0BCC1EB92DB700902D10 /* GoalsListDataItem.swift */ = {isa = PBXFileReference; fileEncoding = 4; lastKnownFileType = sourcecode.swift; path = GoalsListDataItem.swift; sourceTree = "<group>"; };
		841C0BCE1EB92DB700902D10 /* GoalsListDisplayItem.swift */ = {isa = PBXFileReference; fileEncoding = 4; lastKnownFileType = sourcecode.swift; path = GoalsListDisplayItem.swift; sourceTree = "<group>"; };
		841C0BCF1EB92DB700902D10 /* GoalsPresenter.swift */ = {isa = PBXFileReference; fileEncoding = 4; lastKnownFileType = sourcecode.swift; path = GoalsPresenter.swift; sourceTree = "<group>"; };
		841C0BD11EB92DB700902D10 /* GoalsListTableViewCell.swift */ = {isa = PBXFileReference; fileEncoding = 4; lastKnownFileType = sourcecode.swift; path = GoalsListTableViewCell.swift; sourceTree = "<group>"; };
		841C0BD21EB92DB700902D10 /* GoalsListTableViewCell.xib */ = {isa = PBXFileReference; fileEncoding = 4; lastKnownFileType = file.xib; path = GoalsListTableViewCell.xib; sourceTree = "<group>"; };
		841C0BD31EB92DB700902D10 /* GoalsViewController.swift */ = {isa = PBXFileReference; fileEncoding = 4; lastKnownFileType = sourcecode.swift; path = GoalsViewController.swift; sourceTree = "<group>"; };
		841C0BD51EB92DB700902D10 /* GoalsWireframe.swift */ = {isa = PBXFileReference; fileEncoding = 4; lastKnownFileType = sourcecode.swift; path = GoalsWireframe.swift; sourceTree = "<group>"; };
		841C0BEA1EB9310D00902D10 /* Constants.swift */ = {isa = PBXFileReference; fileEncoding = 4; lastKnownFileType = sourcecode.swift; path = Constants.swift; sourceTree = "<group>"; };
		8431C6831E7D763600F47041 /* Color.swift */ = {isa = PBXFileReference; fileEncoding = 4; lastKnownFileType = sourcecode.swift; path = Color.swift; sourceTree = "<group>"; };
		8431C6851E7D86E100F47041 /* rockin_record_g.ttf */ = {isa = PBXFileReference; lastKnownFileType = file; path = rockin_record_g.ttf; sourceTree = "<group>"; };
		8431C68A1E7DA70100F47041 /* MenuInteractor.swift */ = {isa = PBXFileReference; fileEncoding = 4; lastKnownFileType = sourcecode.swift; path = MenuInteractor.swift; sourceTree = "<group>"; };
		8431C68B1E7DA70100F47041 /* MenuListDataItem.swift */ = {isa = PBXFileReference; fileEncoding = 4; lastKnownFileType = sourcecode.swift; path = MenuListDataItem.swift; sourceTree = "<group>"; };
		8431C68C1E7DA70100F47041 /* MenuInterfaces.swift */ = {isa = PBXFileReference; fileEncoding = 4; lastKnownFileType = sourcecode.swift; path = MenuInterfaces.swift; sourceTree = "<group>"; };
		8431C68D1E7DA70100F47041 /* MenuModule.swift */ = {isa = PBXFileReference; fileEncoding = 4; lastKnownFileType = sourcecode.swift; path = MenuModule.swift; sourceTree = "<group>"; };
		8431C68F1E7DA70100F47041 /* MenuListDisplayItem.swift */ = {isa = PBXFileReference; fileEncoding = 4; lastKnownFileType = sourcecode.swift; path = MenuListDisplayItem.swift; sourceTree = "<group>"; };
		8431C6901E7DA70100F47041 /* MenuPresenter.swift */ = {isa = PBXFileReference; fileEncoding = 4; lastKnownFileType = sourcecode.swift; path = MenuPresenter.swift; sourceTree = "<group>"; };
		8431C6921E7DA70100F47041 /* MenuListTableViewCell.swift */ = {isa = PBXFileReference; fileEncoding = 4; lastKnownFileType = sourcecode.swift; path = MenuListTableViewCell.swift; sourceTree = "<group>"; };
		8431C6931E7DA70100F47041 /* MenuListTableViewCell.xib */ = {isa = PBXFileReference; fileEncoding = 4; lastKnownFileType = file.xib; path = MenuListTableViewCell.xib; sourceTree = "<group>"; };
		8431C6941E7DA70100F47041 /* MenuViewController.swift */ = {isa = PBXFileReference; fileEncoding = 4; lastKnownFileType = sourcecode.swift; path = MenuViewController.swift; sourceTree = "<group>"; };
		8431C6961E7DA70100F47041 /* MenuWireframe.swift */ = {isa = PBXFileReference; fileEncoding = 4; lastKnownFileType = sourcecode.swift; path = MenuWireframe.swift; sourceTree = "<group>"; };
		84839C031E65D08A00751F65 /* TennisTrackit [Development].app */ = {isa = PBXFileReference; explicitFileType = wrapper.application; includeInIndex = 0; path = "TennisTrackit [Development].app"; sourceTree = BUILT_PRODUCTS_DIR; };
		84839C0D1E65D08A00751F65 /* Assets.xcassets */ = {isa = PBXFileReference; lastKnownFileType = folder.assetcatalog; path = Assets.xcassets; sourceTree = "<group>"; };
		84839C101E65D08A00751F65 /* Base */ = {isa = PBXFileReference; lastKnownFileType = file.storyboard; name = Base; path = Base.lproj/LaunchScreen.storyboard; sourceTree = "<group>"; };
		84839C121E65D08A00751F65 /* Info.plist */ = {isa = PBXFileReference; lastKnownFileType = text.plist.xml; path = Info.plist; sourceTree = "<group>"; };
		84839C171E65D08A00751F65 /* TennisTrackitTests.xctest */ = {isa = PBXFileReference; explicitFileType = wrapper.cfbundle; includeInIndex = 0; path = TennisTrackitTests.xctest; sourceTree = BUILT_PRODUCTS_DIR; };
		84839C1B1E65D08A00751F65 /* TennisTrackitTests.swift */ = {isa = PBXFileReference; lastKnownFileType = sourcecode.swift; path = TennisTrackitTests.swift; sourceTree = "<group>"; };
		84839C1D1E65D08A00751F65 /* Info.plist */ = {isa = PBXFileReference; lastKnownFileType = text.plist.xml; path = Info.plist; sourceTree = "<group>"; };
		84839C301E65D19200751F65 /* TennisTrackit [Enterprise].app */ = {isa = PBXFileReference; explicitFileType = wrapper.application; includeInIndex = 0; path = "TennisTrackit [Enterprise].app"; sourceTree = BUILT_PRODUCTS_DIR; };
		848FFD271E76F30700F1BBF7 /* EmptyView.swift */ = {isa = PBXFileReference; fileEncoding = 4; lastKnownFileType = sourcecode.swift; path = EmptyView.swift; sourceTree = "<group>"; };
		848FFD281E76F30700F1BBF7 /* EmptyView.xib */ = {isa = PBXFileReference; fileEncoding = 4; lastKnownFileType = file.xib; path = EmptyView.xib; sourceTree = "<group>"; };
		848FFD291E76F30700F1BBF7 /* ViewController.swift */ = {isa = PBXFileReference; fileEncoding = 4; lastKnownFileType = sourcecode.swift; path = ViewController.swift; sourceTree = "<group>"; };
		848FFD2B1E76F30700F1BBF7 /* Wireframe.swift */ = {isa = PBXFileReference; fileEncoding = 4; lastKnownFileType = sourcecode.swift; path = Wireframe.swift; sourceTree = "<group>"; };
		848FFD2E1E76F30700F1BBF7 /* PagingInteractor.swift */ = {isa = PBXFileReference; fileEncoding = 4; lastKnownFileType = sourcecode.swift; path = PagingInteractor.swift; sourceTree = "<group>"; };
		848FFD2F1E76F30700F1BBF7 /* PagingInterfaces.swift */ = {isa = PBXFileReference; fileEncoding = 4; lastKnownFileType = sourcecode.swift; path = PagingInterfaces.swift; sourceTree = "<group>"; };
		848FFD311E76F30700F1BBF7 /* PagingPresenter.swift */ = {isa = PBXFileReference; fileEncoding = 4; lastKnownFileType = sourcecode.swift; path = PagingPresenter.swift; sourceTree = "<group>"; };
		848FFD331E76F30700F1BBF7 /* PagingCollectionViewController.swift */ = {isa = PBXFileReference; fileEncoding = 4; lastKnownFileType = sourcecode.swift; path = PagingCollectionViewController.swift; sourceTree = "<group>"; };
		848FFD341E76F30700F1BBF7 /* PagingLoadingView.swift */ = {isa = PBXFileReference; fileEncoding = 4; lastKnownFileType = sourcecode.swift; path = PagingLoadingView.swift; sourceTree = "<group>"; };
		848FFD351E76F30700F1BBF7 /* PagingLoadingView.xib */ = {isa = PBXFileReference; fileEncoding = 4; lastKnownFileType = file.xib; path = PagingLoadingView.xib; sourceTree = "<group>"; };
		848FFD361E76F30700F1BBF7 /* PagingStaleDataView.swift */ = {isa = PBXFileReference; fileEncoding = 4; lastKnownFileType = sourcecode.swift; path = PagingStaleDataView.swift; sourceTree = "<group>"; };
		848FFD371E76F30700F1BBF7 /* PagingStaleDataView.xib */ = {isa = PBXFileReference; fileEncoding = 4; lastKnownFileType = file.xib; path = PagingStaleDataView.xib; sourceTree = "<group>"; };
		848FFD381E76F30700F1BBF7 /* PagingTableViewController.swift */ = {isa = PBXFileReference; fileEncoding = 4; lastKnownFileType = sourcecode.swift; path = PagingTableViewController.swift; sourceTree = "<group>"; };
		848FFD3B1E76F30700F1BBF7 /* SectionItemDisplayDataCollection.swift */ = {isa = PBXFileReference; fileEncoding = 4; lastKnownFileType = sourcecode.swift; path = SectionItemDisplayDataCollection.swift; sourceTree = "<group>"; };
		848FFD3C1E76F30700F1BBF7 /* SectionItemPresenter.swift */ = {isa = PBXFileReference; fileEncoding = 4; lastKnownFileType = sourcecode.swift; path = SectionItemPresenter.swift; sourceTree = "<group>"; };
		848FFD3D1E76F30700F1BBF7 /* SectionItemInterfaces.swift */ = {isa = PBXFileReference; fileEncoding = 4; lastKnownFileType = sourcecode.swift; path = SectionItemInterfaces.swift; sourceTree = "<group>"; };
		848FFD3F1E76F30700F1BBF7 /* CollectionViewController.swift */ = {isa = PBXFileReference; fileEncoding = 4; lastKnownFileType = sourcecode.swift; path = CollectionViewController.swift; sourceTree = "<group>"; };
		848FFD401E76F30700F1BBF7 /* CollectionViewDataSource.swift */ = {isa = PBXFileReference; fileEncoding = 4; lastKnownFileType = sourcecode.swift; path = CollectionViewDataSource.swift; sourceTree = "<group>"; };
		848FFD411E76F30700F1BBF7 /* CollectionViewDelegate.swift */ = {isa = PBXFileReference; fileEncoding = 4; lastKnownFileType = sourcecode.swift; path = CollectionViewDelegate.swift; sourceTree = "<group>"; };
		848FFD421E76F30700F1BBF7 /* TableViewController.swift */ = {isa = PBXFileReference; fileEncoding = 4; lastKnownFileType = sourcecode.swift; path = TableViewController.swift; sourceTree = "<group>"; };
		848FFD431E76F30700F1BBF7 /* TableViewDataSource.swift */ = {isa = PBXFileReference; fileEncoding = 4; lastKnownFileType = sourcecode.swift; path = TableViewDataSource.swift; sourceTree = "<group>"; };
		848FFD441E76F30700F1BBF7 /* TableViewDelegate.swift */ = {isa = PBXFileReference; fileEncoding = 4; lastKnownFileType = sourcecode.swift; path = TableViewDelegate.swift; sourceTree = "<group>"; };
		84B377F61E69AE3000013603 /* environment.plist */ = {isa = PBXFileReference; fileEncoding = 4; lastKnownFileType = text.plist.xml; path = environment.plist; sourceTree = "<group>"; };
		84B377FA1E69AEE700013603 /* AppDelegate.swift */ = {isa = PBXFileReference; fileEncoding = 4; lastKnownFileType = sourcecode.swift; path = AppDelegate.swift; sourceTree = "<group>"; };
		84B378031E69B27500013603 /* Appearance.swift */ = {isa = PBXFileReference; fileEncoding = 4; lastKnownFileType = sourcecode.swift; path = Appearance.swift; sourceTree = "<group>"; };
		84B378041E69B27500013603 /* Font.swift */ = {isa = PBXFileReference; fileEncoding = 4; lastKnownFileType = sourcecode.swift; path = Font.swift; sourceTree = "<group>"; };
		84B378051E69B27500013603 /* NSDate.swift */ = {isa = PBXFileReference; fileEncoding = 4; lastKnownFileType = sourcecode.swift; path = NSDate.swift; sourceTree = "<group>"; };
		84B378061E69B27500013603 /* String.swift */ = {isa = PBXFileReference; fileEncoding = 4; lastKnownFileType = sourcecode.swift; path = String.swift; sourceTree = "<group>"; };
		84B3780F1E69B5AF00013603 /* NSIndexPath.swift */ = {isa = PBXFileReference; fileEncoding = 4; lastKnownFileType = sourcecode.swift; path = NSIndexPath.swift; sourceTree = "<group>"; };
		84B378101E69B5AF00013603 /* NSObject.swift */ = {isa = PBXFileReference; fileEncoding = 4; lastKnownFileType = sourcecode.swift; path = NSObject.swift; sourceTree = "<group>"; };
		84B378111E69B5AF00013603 /* UICollectionView.swift */ = {isa = PBXFileReference; fileEncoding = 4; lastKnownFileType = sourcecode.swift; path = UICollectionView.swift; sourceTree = "<group>"; };
		84B378121E69B5AF00013603 /* UITableView.swift */ = {isa = PBXFileReference; fileEncoding = 4; lastKnownFileType = sourcecode.swift; path = UITableView.swift; sourceTree = "<group>"; };
		84B378131E69B5AF00013603 /* UIView.swift */ = {isa = PBXFileReference; fileEncoding = 4; lastKnownFileType = sourcecode.swift; path = UIView.swift; sourceTree = "<group>"; };
		84B378141E69B5AF00013603 /* UIViewController.swift */ = {isa = PBXFileReference; fileEncoding = 4; lastKnownFileType = sourcecode.swift; path = UIViewController.swift; sourceTree = "<group>"; };
		84C334551E7980DD0088F561 /* Paginator.swift */ = {isa = PBXFileReference; fileEncoding = 4; lastKnownFileType = sourcecode.swift; path = Paginator.swift; sourceTree = "<group>"; };
		84C334581E79905F0088F561 /* Array.swift */ = {isa = PBXFileReference; fileEncoding = 4; lastKnownFileType = sourcecode.swift; path = Array.swift; sourceTree = "<group>"; };
		84C3345B1E7990F00088F561 /* NSRange.swift */ = {isa = PBXFileReference; fileEncoding = 4; lastKnownFileType = sourcecode.swift; path = NSRange.swift; sourceTree = "<group>"; };
		C84A7AD3283D06AA6BB37798 /* Pods_TennisTrackit__Development_.framework */ = {isa = PBXFileReference; explicitFileType = wrapper.framework; includeInIndex = 0; path = Pods_TennisTrackit__Development_.framework; sourceTree = BUILT_PRODUCTS_DIR; };
		DA0ECAAEDB675552BA4D9E79 /* Pods-TennisTrackit [Enterprise].debug.xcconfig */ = {isa = PBXFileReference; includeInIndex = 1; lastKnownFileType = text.xcconfig; name = "Pods-TennisTrackit [Enterprise].debug.xcconfig"; path = "Pods/Target Support Files/Pods-TennisTrackit [Enterprise]/Pods-TennisTrackit [Enterprise].debug.xcconfig"; sourceTree = "<group>"; };
		EC91EAB0A87E95AFD7836887 /* Pods_TennisTrackit__Enterprise_.framework */ = {isa = PBXFileReference; explicitFileType = wrapper.framework; includeInIndex = 0; path = Pods_TennisTrackit__Enterprise_.framework; sourceTree = BUILT_PRODUCTS_DIR; };
		FDEA6CFA2AC16DF58C81A3ED /* Pods-TennisTrackit [Enterprise].release.xcconfig */ = {isa = PBXFileReference; includeInIndex = 1; lastKnownFileType = text.xcconfig; name = "Pods-TennisTrackit [Enterprise].release.xcconfig"; path = "Pods/Target Support Files/Pods-TennisTrackit [Enterprise]/Pods-TennisTrackit [Enterprise].release.xcconfig"; sourceTree = "<group>"; };
/* End PBXFileReference section */

/* Begin PBXFrameworksBuildPhase section */
		84839C001E65D08A00751F65 /* Frameworks */ = {
			isa = PBXFrameworksBuildPhase;
			buildActionMask = 2147483647;
			files = (
				88E2E5D963075E695D9FC21E /* Pods_TennisTrackit__Development_.framework in Frameworks */,
			);
			runOnlyForDeploymentPostprocessing = 0;
		};
		84839C141E65D08A00751F65 /* Frameworks */ = {
			isa = PBXFrameworksBuildPhase;
			buildActionMask = 2147483647;
			files = (
			);
			runOnlyForDeploymentPostprocessing = 0;
		};
		84839C291E65D19200751F65 /* Frameworks */ = {
			isa = PBXFrameworksBuildPhase;
			buildActionMask = 2147483647;
			files = (
				2CC5DA228EC3EFC57197F957 /* Pods_TennisTrackit__Enterprise_.framework in Frameworks */,
			);
			runOnlyForDeploymentPostprocessing = 0;
		};
/* End PBXFrameworksBuildPhase section */

/* Begin PBXGroup section */
		24716DE3799A40021D6C80DE /* Frameworks */ = {
			isa = PBXGroup;
			children = (
				C84A7AD3283D06AA6BB37798 /* Pods_TennisTrackit__Development_.framework */,
				EC91EAB0A87E95AFD7836887 /* Pods_TennisTrackit__Enterprise_.framework */,
			);
			name = Frameworks;
			sourceTree = "<group>";
		};
		5BC186A765ED03280E53DF01 /* Pods */ = {
			isa = PBXGroup;
			children = (
				828CECB763F9D9A0CE20356F /* Pods-TennisTrackit [Development].debug.xcconfig */,
				7F87AAEE2EB7D8E056847C19 /* Pods-TennisTrackit [Development].release.xcconfig */,
				DA0ECAAEDB675552BA4D9E79 /* Pods-TennisTrackit [Enterprise].debug.xcconfig */,
				FDEA6CFA2AC16DF58C81A3ED /* Pods-TennisTrackit [Enterprise].release.xcconfig */,
			);
			name = Pods;
			sourceTree = "<group>";
		};
		841461A31E798482007D5002 /* Home */ = {
			isa = PBXGroup;
			children = (
				841461A41E798482007D5002 /* HomeInterfaces.swift */,
				841461A51E798482007D5002 /* HomeModule.swift */,
				841461A61E798482007D5002 /* Interactor */,
				841461A91E798482007D5002 /* Presenter */,
				841461AC1E798482007D5002 /* View */,
				841461B01E798482007D5002 /* Wireframe */,
			);
			path = Home;
			sourceTree = "<group>";
		};
		841461A61E798482007D5002 /* Interactor */ = {
			isa = PBXGroup;
			children = (
				841461A71E798482007D5002 /* HomeInteractor.swift */,
				841461A81E798482007D5002 /* HomeListDataItem.swift */,
			);
			path = Interactor;
			sourceTree = "<group>";
		};
		841461A91E798482007D5002 /* Presenter */ = {
			isa = PBXGroup;
			children = (
				841461AA1E798482007D5002 /* HomeListDisplayItem.swift */,
				841461AB1E798482007D5002 /* HomePresenter.swift */,
			);
			path = Presenter;
			sourceTree = "<group>";
		};
		841461AC1E798482007D5002 /* View */ = {
			isa = PBXGroup;
			children = (
				841461AD1E798482007D5002 /* HomeListTableViewCell.swift */,
				841461AE1E798482007D5002 /* HomeListTableViewCell.xib */,
				841461AF1E798482007D5002 /* HomeViewController.swift */,
			);
			path = View;
			sourceTree = "<group>";
		};
		841461B01E798482007D5002 /* Wireframe */ = {
			isa = PBXGroup;
			children = (
				841461B11E798482007D5002 /* HomeWireframe.swift */,
			);
			path = Wireframe;
			sourceTree = "<group>";
		};
		841C0BC71EB92DB700902D10 /* Goals */ = {
			isa = PBXGroup;
			children = (
				841C0BC81EB92DB700902D10 /* GoalsInterfaces.swift */,
				841C0BC91EB92DB700902D10 /* GoalsModule.swift */,
				841C0BCA1EB92DB700902D10 /* Interactor */,
				841C0BCD1EB92DB700902D10 /* Presenter */,
				841C0BD01EB92DB700902D10 /* View */,
				841C0BD41EB92DB700902D10 /* Wireframe */,
			);
			path = Goals;
			sourceTree = "<group>";
		};
		841C0BCA1EB92DB700902D10 /* Interactor */ = {
			isa = PBXGroup;
			children = (
				841C0BCB1EB92DB700902D10 /* GoalsInteractor.swift */,
				841C0BCC1EB92DB700902D10 /* GoalsListDataItem.swift */,
			);
			path = Interactor;
			sourceTree = "<group>";
		};
		841C0BCD1EB92DB700902D10 /* Presenter */ = {
			isa = PBXGroup;
			children = (
				841C0BCE1EB92DB700902D10 /* GoalsListDisplayItem.swift */,
				841C0BCF1EB92DB700902D10 /* GoalsPresenter.swift */,
			);
			path = Presenter;
			sourceTree = "<group>";
		};
		841C0BD01EB92DB700902D10 /* View */ = {
			isa = PBXGroup;
			children = (
				841C0BD11EB92DB700902D10 /* GoalsListTableViewCell.swift */,
				841C0BD21EB92DB700902D10 /* GoalsListTableViewCell.xib */,
				841C0BD31EB92DB700902D10 /* GoalsViewController.swift */,
			);
			path = View;
			sourceTree = "<group>";
		};
		841C0BD41EB92DB700902D10 /* Wireframe */ = {
			isa = PBXGroup;
			children = (
				841C0BD51EB92DB700902D10 /* GoalsWireframe.swift */,
			);
			path = Wireframe;
			sourceTree = "<group>";
		};
		8431C6881E7DA70100F47041 /* Menu */ = {
			isa = PBXGroup;
			children = (
				8431C6891E7DA70100F47041 /* Interactor */,
				8431C68C1E7DA70100F47041 /* MenuInterfaces.swift */,
				8431C68D1E7DA70100F47041 /* MenuModule.swift */,
				8431C68E1E7DA70100F47041 /* Presenter */,
				8431C6911E7DA70100F47041 /* View */,
				8431C6951E7DA70100F47041 /* Wireframe */,
			);
			path = Menu;
			sourceTree = "<group>";
		};
		8431C6891E7DA70100F47041 /* Interactor */ = {
			isa = PBXGroup;
			children = (
				8431C68A1E7DA70100F47041 /* MenuInteractor.swift */,
				8431C68B1E7DA70100F47041 /* MenuListDataItem.swift */,
			);
			path = Interactor;
			sourceTree = "<group>";
		};
		8431C68E1E7DA70100F47041 /* Presenter */ = {
			isa = PBXGroup;
			children = (
				8431C68F1E7DA70100F47041 /* MenuListDisplayItem.swift */,
				8431C6901E7DA70100F47041 /* MenuPresenter.swift */,
			);
			path = Presenter;
			sourceTree = "<group>";
		};
		8431C6911E7DA70100F47041 /* View */ = {
			isa = PBXGroup;
			children = (
				8431C6921E7DA70100F47041 /* MenuListTableViewCell.swift */,
				8431C6931E7DA70100F47041 /* MenuListTableViewCell.xib */,
				8431C6941E7DA70100F47041 /* MenuViewController.swift */,
			);
			path = View;
			sourceTree = "<group>";
		};
		8431C6951E7DA70100F47041 /* Wireframe */ = {
			isa = PBXGroup;
			children = (
				8431C6961E7DA70100F47041 /* MenuWireframe.swift */,
			);
			path = Wireframe;
			sourceTree = "<group>";
		};
		84839BFA1E65D08A00751F65 = {
			isa = PBXGroup;
			children = (
				84839C051E65D08A00751F65 /* TennisTrackit */,
				84839C1A1E65D08A00751F65 /* TennisTrackitTests */,
				84839C041E65D08A00751F65 /* Products */,
				5BC186A765ED03280E53DF01 /* Pods */,
				24716DE3799A40021D6C80DE /* Frameworks */,
			);
			sourceTree = "<group>";
		};
		84839C041E65D08A00751F65 /* Products */ = {
			isa = PBXGroup;
			children = (
				84839C031E65D08A00751F65 /* TennisTrackit [Development].app */,
				84839C171E65D08A00751F65 /* TennisTrackitTests.xctest */,
				84839C301E65D19200751F65 /* TennisTrackit [Enterprise].app */,
			);
			name = Products;
			sourceTree = "<group>";
		};
		84839C051E65D08A00751F65 /* TennisTrackit */ = {
			isa = PBXGroup;
			children = (
				84B377F91E69AEE700013603 /* Classes */,
				84B377F51E69AE3000013603 /* Resources */,
				84839C0D1E65D08A00751F65 /* Assets.xcassets */,
				84839C0F1E65D08A00751F65 /* LaunchScreen.storyboard */,
				84839C121E65D08A00751F65 /* Info.plist */,
			);
			path = TennisTrackit;
			sourceTree = "<group>";
		};
		84839C1A1E65D08A00751F65 /* TennisTrackitTests */ = {
			isa = PBXGroup;
			children = (
				84839C1B1E65D08A00751F65 /* TennisTrackitTests.swift */,
				84839C1D1E65D08A00751F65 /* Info.plist */,
			);
			path = TennisTrackitTests;
			sourceTree = "<group>";
		};
		848FFD241E76F30700F1BBF7 /* Common */ = {
			isa = PBXGroup;
			children = (
				848FFD251E76F30700F1BBF7 /* Base */,
				848FFD2C1E76F30700F1BBF7 /* Paging */,
				848FFD391E76F30700F1BBF7 /* SectionItem */,
			);
			path = Common;
			sourceTree = "<group>";
		};
		848FFD251E76F30700F1BBF7 /* Base */ = {
			isa = PBXGroup;
			children = (
				848FFD261E76F30700F1BBF7 /* View */,
				848FFD2A1E76F30700F1BBF7 /* Wireframe */,
			);
			path = Base;
			sourceTree = "<group>";
		};
		848FFD261E76F30700F1BBF7 /* View */ = {
			isa = PBXGroup;
			children = (
				848FFD271E76F30700F1BBF7 /* EmptyView.swift */,
				848FFD281E76F30700F1BBF7 /* EmptyView.xib */,
				848FFD291E76F30700F1BBF7 /* ViewController.swift */,
			);
			path = View;
			sourceTree = "<group>";
		};
		848FFD2A1E76F30700F1BBF7 /* Wireframe */ = {
			isa = PBXGroup;
			children = (
				848FFD2B1E76F30700F1BBF7 /* Wireframe.swift */,
			);
			path = Wireframe;
			sourceTree = "<group>";
		};
		848FFD2C1E76F30700F1BBF7 /* Paging */ = {
			isa = PBXGroup;
			children = (
				848FFD2D1E76F30700F1BBF7 /* Interactor */,
				848FFD2F1E76F30700F1BBF7 /* PagingInterfaces.swift */,
				848FFD301E76F30700F1BBF7 /* Presenter */,
				848FFD321E76F30700F1BBF7 /* View */,
			);
			path = Paging;
			sourceTree = "<group>";
		};
		848FFD2D1E76F30700F1BBF7 /* Interactor */ = {
			isa = PBXGroup;
			children = (
				848FFD2E1E76F30700F1BBF7 /* PagingInteractor.swift */,
			);
			path = Interactor;
			sourceTree = "<group>";
		};
		848FFD301E76F30700F1BBF7 /* Presenter */ = {
			isa = PBXGroup;
			children = (
				848FFD311E76F30700F1BBF7 /* PagingPresenter.swift */,
			);
			path = Presenter;
			sourceTree = "<group>";
		};
		848FFD321E76F30700F1BBF7 /* View */ = {
			isa = PBXGroup;
			children = (
				848FFD331E76F30700F1BBF7 /* PagingCollectionViewController.swift */,
				848FFD341E76F30700F1BBF7 /* PagingLoadingView.swift */,
				848FFD351E76F30700F1BBF7 /* PagingLoadingView.xib */,
				848FFD361E76F30700F1BBF7 /* PagingStaleDataView.swift */,
				848FFD371E76F30700F1BBF7 /* PagingStaleDataView.xib */,
				848FFD381E76F30700F1BBF7 /* PagingTableViewController.swift */,
			);
			path = View;
			sourceTree = "<group>";
		};
		848FFD391E76F30700F1BBF7 /* SectionItem */ = {
			isa = PBXGroup;
			children = (
				848FFD3A1E76F30700F1BBF7 /* Presenter */,
				848FFD3D1E76F30700F1BBF7 /* SectionItemInterfaces.swift */,
				848FFD3E1E76F30700F1BBF7 /* View */,
			);
			path = SectionItem;
			sourceTree = "<group>";
		};
		848FFD3A1E76F30700F1BBF7 /* Presenter */ = {
			isa = PBXGroup;
			children = (
				848FFD3B1E76F30700F1BBF7 /* SectionItemDisplayDataCollection.swift */,
				848FFD3C1E76F30700F1BBF7 /* SectionItemPresenter.swift */,
			);
			path = Presenter;
			sourceTree = "<group>";
		};
		848FFD3E1E76F30700F1BBF7 /* View */ = {
			isa = PBXGroup;
			children = (
				848FFD3F1E76F30700F1BBF7 /* CollectionViewController.swift */,
				848FFD401E76F30700F1BBF7 /* CollectionViewDataSource.swift */,
				848FFD411E76F30700F1BBF7 /* CollectionViewDelegate.swift */,
				848FFD421E76F30700F1BBF7 /* TableViewController.swift */,
				848FFD431E76F30700F1BBF7 /* TableViewDataSource.swift */,
				848FFD441E76F30700F1BBF7 /* TableViewDelegate.swift */,
			);
			path = View;
			sourceTree = "<group>";
		};
		84B377F51E69AE3000013603 /* Resources */ = {
			isa = PBXGroup;
			children = (
				8431C6851E7D86E100F47041 /* rockin_record_g.ttf */,
				84B377F61E69AE3000013603 /* environment.plist */,
			);
			path = Resources;
			sourceTree = "<group>";
		};
		84B377F91E69AEE700013603 /* Classes */ = {
			isa = PBXGroup;
			children = (
				84B377FB1E69AEE700013603 /* Common */,
				84B377FC1E69AEE700013603 /* Modules */,
				84B377FA1E69AEE700013603 /* AppDelegate.swift */,
			);
			path = Classes;
			sourceTree = "<group>";
		};
		84B377FB1E69AEE700013603 /* Common */ = {
			isa = PBXGroup;
			children = (
				84B377FF1E69AFAC00013603 /* Extensions */,
				84B378001E69AFAC00013603 /* Utils */,
				84B378011E69AFAC00013603 /* Views */,
				84B378021E69AFAC00013603 /* Wireframes */,
			);
			path = Common;
			sourceTree = "<group>";
		};
		84B377FC1E69AEE700013603 /* Modules */ = {
			isa = PBXGroup;
			children = (
				841C0BC71EB92DB700902D10 /* Goals */,
				8431C6881E7DA70100F47041 /* Menu */,
				841461A31E798482007D5002 /* Home */,
				848FFD241E76F30700F1BBF7 /* Common */,
			);
			path = Modules;
			sourceTree = "<group>";
		};
		84B377FF1E69AFAC00013603 /* Extensions */ = {
			isa = PBXGroup;
			children = (
				84C3345B1E7990F00088F561 /* NSRange.swift */,
				84C334581E79905F0088F561 /* Array.swift */,
				84B3780F1E69B5AF00013603 /* NSIndexPath.swift */,
				84B378101E69B5AF00013603 /* NSObject.swift */,
				84B378111E69B5AF00013603 /* UICollectionView.swift */,
				84B378121E69B5AF00013603 /* UITableView.swift */,
				84B378131E69B5AF00013603 /* UIView.swift */,
				84B378141E69B5AF00013603 /* UIViewController.swift */,
			);
			path = Extensions;
			sourceTree = "<group>";
		};
		84B378001E69AFAC00013603 /* Utils */ = {
			isa = PBXGroup;
			children = (
				84C334551E7980DD0088F561 /* Paginator.swift */,
				84B378031E69B27500013603 /* Appearance.swift */,
				84B378041E69B27500013603 /* Font.swift */,
				84B378051E69B27500013603 /* NSDate.swift */,
				84B378061E69B27500013603 /* String.swift */,
				8431C6831E7D763600F47041 /* Color.swift */,
				841C0BEA1EB9310D00902D10 /* Constants.swift */,
			);
			path = Utils;
			sourceTree = "<group>";
		};
		84B378011E69AFAC00013603 /* Views */ = {
			isa = PBXGroup;
			children = (
			);
			path = Views;
			sourceTree = "<group>";
		};
		84B378021E69AFAC00013603 /* Wireframes */ = {
			isa = PBXGroup;
			children = (
			);
			path = Wireframes;
			sourceTree = "<group>";
		};
/* End PBXGroup section */

/* Begin PBXNativeTarget section */
		84839C021E65D08A00751F65 /* TennisTrackit [Development] */ = {
			isa = PBXNativeTarget;
			buildConfigurationList = 84839C201E65D08A00751F65 /* Build configuration list for PBXNativeTarget "TennisTrackit [Development]" */;
			buildPhases = (
				5939518543E348DD75E27F55 /* [CP] Check Pods Manifest.lock */,
				84839BFF1E65D08A00751F65 /* Sources */,
				84839C001E65D08A00751F65 /* Frameworks */,
				84839C011E65D08A00751F65 /* Resources */,
				8C8ABB2A991371681708161C /* [CP] Embed Pods Frameworks */,
				F566667A44F869918A244471 /* [CP] Copy Pods Resources */,
			);
			buildRules = (
			);
			dependencies = (
			);
			name = "TennisTrackit [Development]";
			productName = TennisTrackit;
			productReference = 84839C031E65D08A00751F65 /* TennisTrackit [Development].app */;
			productType = "com.apple.product-type.application";
		};
		84839C161E65D08A00751F65 /* TennisTrackitTests */ = {
			isa = PBXNativeTarget;
			buildConfigurationList = 84839C231E65D08A00751F65 /* Build configuration list for PBXNativeTarget "TennisTrackitTests" */;
			buildPhases = (
				84839C131E65D08A00751F65 /* Sources */,
				84839C141E65D08A00751F65 /* Frameworks */,
				84839C151E65D08A00751F65 /* Resources */,
			);
			buildRules = (
			);
			dependencies = (
				84839C191E65D08A00751F65 /* PBXTargetDependency */,
			);
			name = TennisTrackitTests;
			productName = TennisTrackitTests;
			productReference = 84839C171E65D08A00751F65 /* TennisTrackitTests.xctest */;
			productType = "com.apple.product-type.bundle.unit-test";
		};
		84839C261E65D19200751F65 /* TennisTrackit [Enterprise] */ = {
			isa = PBXNativeTarget;
			buildConfigurationList = 84839C2D1E65D19200751F65 /* Build configuration list for PBXNativeTarget "TennisTrackit [Enterprise]" */;
			buildPhases = (
				1719982E1949F5B4D0C0EA37 /* [CP] Check Pods Manifest.lock */,
				84839C271E65D19200751F65 /* Sources */,
				84839C291E65D19200751F65 /* Frameworks */,
				84839C2A1E65D19200751F65 /* Resources */,
				780BCF97D259939ED2652F45 /* [CP] Embed Pods Frameworks */,
				0696D2EFDF1749AA6D01211D /* [CP] Copy Pods Resources */,
			);
			buildRules = (
			);
			dependencies = (
			);
			name = "TennisTrackit [Enterprise]";
			productName = TennisTrackit;
			productReference = 84839C301E65D19200751F65 /* TennisTrackit [Enterprise].app */;
			productType = "com.apple.product-type.application";
		};
/* End PBXNativeTarget section */

/* Begin PBXProject section */
		84839BFB1E65D08A00751F65 /* Project object */ = {
			isa = PBXProject;
			attributes = {
				LastSwiftUpdateCheck = 0820;
				LastUpgradeCheck = 0820;
				ORGANIZATIONNAME = Dogfish;
				TargetAttributes = {
					84839C021E65D08A00751F65 = {
						CreatedOnToolsVersion = 8.2.1;
						ProvisioningStyle = Automatic;
					};
					84839C161E65D08A00751F65 = {
						CreatedOnToolsVersion = 8.2.1;
						ProvisioningStyle = Automatic;
						TestTargetID = 84839C021E65D08A00751F65;
					};
				};
			};
			buildConfigurationList = 84839BFE1E65D08A00751F65 /* Build configuration list for PBXProject "TennisTrackit" */;
			compatibilityVersion = "Xcode 3.2";
			developmentRegion = English;
			hasScannedForEncodings = 0;
			knownRegions = (
				en,
				Base,
			);
			mainGroup = 84839BFA1E65D08A00751F65;
			productRefGroup = 84839C041E65D08A00751F65 /* Products */;
			projectDirPath = "";
			projectRoot = "";
			targets = (
				84839C021E65D08A00751F65 /* TennisTrackit [Development] */,
				84839C161E65D08A00751F65 /* TennisTrackitTests */,
				84839C261E65D19200751F65 /* TennisTrackit [Enterprise] */,
			);
		};
/* End PBXProject section */

/* Begin PBXResourcesBuildPhase section */
		84839C011E65D08A00751F65 /* Resources */ = {
			isa = PBXResourcesBuildPhase;
			buildActionMask = 2147483647;
			files = (
				841C0BE41EB92DB700902D10 /* GoalsListTableViewCell.xib in Resources */,
				848FFD571E76F30700F1BBF7 /* PagingLoadingView.xib in Resources */,
				8431C6861E7D86E100F47041 /* rockin_record_g.ttf in Resources */,
				848FFD471E76F30700F1BBF7 /* EmptyView.xib in Resources */,
				8431C6A51E7DA70100F47041 /* MenuListTableViewCell.xib in Resources */,
				841461C01E798482007D5002 /* HomeListTableViewCell.xib in Resources */,
				84839C111E65D08A00751F65 /* LaunchScreen.storyboard in Resources */,
				84839C0E1E65D08A00751F65 /* Assets.xcassets in Resources */,
				848FFD5B1E76F30700F1BBF7 /* PagingStaleDataView.xib in Resources */,
				84B377F71E69AE3000013603 /* environment.plist in Resources */,
			);
			runOnlyForDeploymentPostprocessing = 0;
		};
		84839C151E65D08A00751F65 /* Resources */ = {
			isa = PBXResourcesBuildPhase;
			buildActionMask = 2147483647;
			files = (
			);
			runOnlyForDeploymentPostprocessing = 0;
		};
		84839C2A1E65D19200751F65 /* Resources */ = {
			isa = PBXResourcesBuildPhase;
			buildActionMask = 2147483647;
			files = (
				8414617F1E797C8B007D5002 /* Info.plist in Resources */,
				8431C6871E7D86E100F47041 /* rockin_record_g.ttf in Resources */,
				848FFD581E76F30700F1BBF7 /* PagingLoadingView.xib in Resources */,
				848FFD481E76F30700F1BBF7 /* EmptyView.xib in Resources */,
				84839C2B1E65D19200751F65 /* LaunchScreen.storyboard in Resources */,
				84839C2C1E65D19200751F65 /* Assets.xcassets in Resources */,
				841C0BE51EB92DB700902D10 /* GoalsListTableViewCell.xib in Resources */,
				848FFD5C1E76F30700F1BBF7 /* PagingStaleDataView.xib in Resources */,
				841461C11E798482007D5002 /* HomeListTableViewCell.xib in Resources */,
				8431C6A61E7DA70100F47041 /* MenuListTableViewCell.xib in Resources */,
				84B377F81E69AE3000013603 /* environment.plist in Resources */,
			);
			runOnlyForDeploymentPostprocessing = 0;
		};
/* End PBXResourcesBuildPhase section */

/* Begin PBXShellScriptBuildPhase section */
		0696D2EFDF1749AA6D01211D /* [CP] Copy Pods Resources */ = {
			isa = PBXShellScriptBuildPhase;
			buildActionMask = 2147483647;
			files = (
			);
			inputPaths = (
			);
			name = "[CP] Copy Pods Resources";
			outputPaths = (
			);
			runOnlyForDeploymentPostprocessing = 0;
			shellPath = /bin/sh;
			shellScript = "\"${SRCROOT}/Pods/Target Support Files/Pods-TennisTrackit [Enterprise]/Pods-TennisTrackit [Enterprise]-resources.sh\"\n";
			showEnvVarsInLog = 0;
		};
		1719982E1949F5B4D0C0EA37 /* [CP] Check Pods Manifest.lock */ = {
			isa = PBXShellScriptBuildPhase;
			buildActionMask = 2147483647;
			files = (
			);
			inputPaths = (
			);
			name = "[CP] Check Pods Manifest.lock";
			outputPaths = (
			);
			runOnlyForDeploymentPostprocessing = 0;
			shellPath = /bin/sh;
			shellScript = "diff \"${PODS_ROOT}/../Podfile.lock\" \"${PODS_ROOT}/Manifest.lock\" > /dev/null\nif [ $? != 0 ] ; then\n    # print error to STDERR\n    echo \"error: The sandbox is not in sync with the Podfile.lock. Run 'pod install' or update your CocoaPods installation.\" >&2\n    exit 1\nfi\n";
			showEnvVarsInLog = 0;
		};
		5939518543E348DD75E27F55 /* [CP] Check Pods Manifest.lock */ = {
			isa = PBXShellScriptBuildPhase;
			buildActionMask = 2147483647;
			files = (
			);
			inputPaths = (
			);
			name = "[CP] Check Pods Manifest.lock";
			outputPaths = (
			);
			runOnlyForDeploymentPostprocessing = 0;
			shellPath = /bin/sh;
			shellScript = "diff \"${PODS_ROOT}/../Podfile.lock\" \"${PODS_ROOT}/Manifest.lock\" > /dev/null\nif [ $? != 0 ] ; then\n    # print error to STDERR\n    echo \"error: The sandbox is not in sync with the Podfile.lock. Run 'pod install' or update your CocoaPods installation.\" >&2\n    exit 1\nfi\n";
			showEnvVarsInLog = 0;
		};
		780BCF97D259939ED2652F45 /* [CP] Embed Pods Frameworks */ = {
			isa = PBXShellScriptBuildPhase;
			buildActionMask = 2147483647;
			files = (
			);
			inputPaths = (
			);
			name = "[CP] Embed Pods Frameworks";
			outputPaths = (
			);
			runOnlyForDeploymentPostprocessing = 0;
			shellPath = /bin/sh;
			shellScript = "\"${SRCROOT}/Pods/Target Support Files/Pods-TennisTrackit [Enterprise]/Pods-TennisTrackit [Enterprise]-frameworks.sh\"\n";
			showEnvVarsInLog = 0;
		};
		8C8ABB2A991371681708161C /* [CP] Embed Pods Frameworks */ = {
			isa = PBXShellScriptBuildPhase;
			buildActionMask = 2147483647;
			files = (
			);
			inputPaths = (
			);
			name = "[CP] Embed Pods Frameworks";
			outputPaths = (
			);
			runOnlyForDeploymentPostprocessing = 0;
			shellPath = /bin/sh;
			shellScript = "\"${SRCROOT}/Pods/Target Support Files/Pods-TennisTrackit [Development]/Pods-TennisTrackit [Development]-frameworks.sh\"\n";
			showEnvVarsInLog = 0;
		};
		F566667A44F869918A244471 /* [CP] Copy Pods Resources */ = {
			isa = PBXShellScriptBuildPhase;
			buildActionMask = 2147483647;
			files = (
			);
			inputPaths = (
			);
			name = "[CP] Copy Pods Resources";
			outputPaths = (
			);
			runOnlyForDeploymentPostprocessing = 0;
			shellPath = /bin/sh;
			shellScript = "\"${SRCROOT}/Pods/Target Support Files/Pods-TennisTrackit [Development]/Pods-TennisTrackit [Development]-resources.sh\"\n";
			showEnvVarsInLog = 0;
		};
/* End PBXShellScriptBuildPhase section */

/* Begin PBXSourcesBuildPhase section */
		84839BFF1E65D08A00751F65 /* Sources */ = {
			isa = PBXSourcesBuildPhase;
			buildActionMask = 2147483647;
			files = (
				848FFD611E76F30700F1BBF7 /* SectionItemPresenter.swift in Sources */,
				848FFD591E76F30700F1BBF7 /* PagingStaleDataView.swift in Sources */,
				848FFD551E76F30700F1BBF7 /* PagingLoadingView.swift in Sources */,
				84B3781D1E69B5AF00013603 /* UIView.swift in Sources */,
				84B378151E69B5AF00013603 /* NSIndexPath.swift in Sources */,
				84C334591E79905F0088F561 /* Array.swift in Sources */,
				841C0BD81EB92DB700902D10 /* GoalsModule.swift in Sources */,
				841C0BE81EB92DB700902D10 /* GoalsWireframe.swift in Sources */,
				84C334561E7980DD0088F561 /* Paginator.swift in Sources */,
				841C0BEB1EB9310D00902D10 /* Constants.swift in Sources */,
				848FFD531E76F30700F1BBF7 /* PagingCollectionViewController.swift in Sources */,
				848FFD631E76F30700F1BBF7 /* SectionItemInterfaces.swift in Sources */,
				848FFD5F1E76F30700F1BBF7 /* SectionItemDisplayDataCollection.swift in Sources */,
				841C0BDE1EB92DB700902D10 /* GoalsListDisplayItem.swift in Sources */,
				84B377FD1E69AEE700013603 /* AppDelegate.swift in Sources */,
				84B3781F1E69B5AF00013603 /* UIViewController.swift in Sources */,
				848FFD6F1E76F30700F1BBF7 /* TableViewDelegate.swift in Sources */,
				848FFD5D1E76F30700F1BBF7 /* PagingTableViewController.swift in Sources */,
				841C0BD61EB92DB700902D10 /* GoalsInterfaces.swift in Sources */,
				848FFD451E76F30700F1BBF7 /* EmptyView.swift in Sources */,
				841461C21E798482007D5002 /* HomeViewController.swift in Sources */,
				8431C69B1E7DA70100F47041 /* MenuInterfaces.swift in Sources */,
				841C0BDA1EB92DB700902D10 /* GoalsInteractor.swift in Sources */,
				84B378071E69B27500013603 /* Appearance.swift in Sources */,
				84B378171E69B5AF00013603 /* NSObject.swift in Sources */,
				848FFD691E76F30700F1BBF7 /* CollectionViewDelegate.swift in Sources */,
				8431C6A11E7DA70100F47041 /* MenuPresenter.swift in Sources */,
				848FFD6B1E76F30700F1BBF7 /* TableViewController.swift in Sources */,
				841C0BE21EB92DB700902D10 /* GoalsListTableViewCell.swift in Sources */,
				8431C6A31E7DA70100F47041 /* MenuListTableViewCell.swift in Sources */,
				848FFD4D1E76F30700F1BBF7 /* PagingInteractor.swift in Sources */,
				841C0BE61EB92DB700902D10 /* GoalsViewController.swift in Sources */,
				841461B81E798482007D5002 /* HomeListDataItem.swift in Sources */,
				841461BE1E798482007D5002 /* HomeListTableViewCell.swift in Sources */,
				841461BA1E798482007D5002 /* HomeListDisplayItem.swift in Sources */,
				84B3780D1E69B27500013603 /* String.swift in Sources */,
				8431C6A71E7DA70100F47041 /* MenuViewController.swift in Sources */,
				8431C69F1E7DA70100F47041 /* MenuListDisplayItem.swift in Sources */,
				848FFD4B1E76F30700F1BBF7 /* Wireframe.swift in Sources */,
				841461B61E798482007D5002 /* HomeInteractor.swift in Sources */,
				8431C6841E7D763600F47041 /* Color.swift in Sources */,
				84C3345C1E7990F00088F561 /* NSRange.swift in Sources */,
				848FFD511E76F30700F1BBF7 /* PagingPresenter.swift in Sources */,
				841461BC1E798482007D5002 /* HomePresenter.swift in Sources */,
				8431C6971E7DA70100F47041 /* MenuInteractor.swift in Sources */,
				841C0BE01EB92DB700902D10 /* GoalsPresenter.swift in Sources */,
				848FFD491E76F30700F1BBF7 /* ViewController.swift in Sources */,
				848FFD651E76F30700F1BBF7 /* CollectionViewController.swift in Sources */,
				848FFD4F1E76F30700F1BBF7 /* PagingInterfaces.swift in Sources */,
				848FFD671E76F30700F1BBF7 /* CollectionViewDataSource.swift in Sources */,
				84B3781B1E69B5AF00013603 /* UITableView.swift in Sources */,
				841C0BDC1EB92DB700902D10 /* GoalsListDataItem.swift in Sources */,
				841461C41E798482007D5002 /* HomeWireframe.swift in Sources */,
				84B3780B1E69B27500013603 /* NSDate.swift in Sources */,
				841461B41E798482007D5002 /* HomeModule.swift in Sources */,
				8431C6A91E7DA70100F47041 /* MenuWireframe.swift in Sources */,
				841461B21E798482007D5002 /* HomeInterfaces.swift in Sources */,
				8431C6991E7DA70100F47041 /* MenuListDataItem.swift in Sources */,
				84B378191E69B5AF00013603 /* UICollectionView.swift in Sources */,
				8431C69D1E7DA70100F47041 /* MenuModule.swift in Sources */,
				84B378091E69B27500013603 /* Font.swift in Sources */,
				848FFD6D1E76F30700F1BBF7 /* TableViewDataSource.swift in Sources */,
			);
			runOnlyForDeploymentPostprocessing = 0;
		};
		84839C131E65D08A00751F65 /* Sources */ = {
			isa = PBXSourcesBuildPhase;
			buildActionMask = 2147483647;
			files = (
				84839C1C1E65D08A00751F65 /* TennisTrackitTests.swift in Sources */,
			);
			runOnlyForDeploymentPostprocessing = 0;
		};
		84839C271E65D19200751F65 /* Sources */ = {
			isa = PBXSourcesBuildPhase;
			buildActionMask = 2147483647;
			files = (
				848FFD621E76F30700F1BBF7 /* SectionItemPresenter.swift in Sources */,
				8431C6981E7DA70100F47041 /* MenuInteractor.swift in Sources */,
				8431C69C1E7DA70100F47041 /* MenuInterfaces.swift in Sources */,
				848FFD5A1E76F30700F1BBF7 /* PagingStaleDataView.swift in Sources */,
				841C0BE11EB92DB700902D10 /* GoalsPresenter.swift in Sources */,
				848FFD561E76F30700F1BBF7 /* PagingLoadingView.swift in Sources */,
				84B3781E1E69B5AF00013603 /* UIView.swift in Sources */,
				84B378161E69B5AF00013603 /* NSIndexPath.swift in Sources */,
				84C3345A1E79905F0088F561 /* Array.swift in Sources */,
				84C334571E7980DD0088F561 /* Paginator.swift in Sources */,
				848FFD541E76F30700F1BBF7 /* PagingCollectionViewController.swift in Sources */,
				848FFD641E76F30700F1BBF7 /* SectionItemInterfaces.swift in Sources */,
				8431C6A21E7DA70100F47041 /* MenuPresenter.swift in Sources */,
				848FFD601E76F30700F1BBF7 /* SectionItemDisplayDataCollection.swift in Sources */,
				84B377FE1E69AEE700013603 /* AppDelegate.swift in Sources */,
				84B378201E69B5AF00013603 /* UIViewController.swift in Sources */,
				848FFD701E76F30700F1BBF7 /* TableViewDelegate.swift in Sources */,
				8431C6AA1E7DA70100F47041 /* MenuWireframe.swift in Sources */,
				848FFD5E1E76F30700F1BBF7 /* PagingTableViewController.swift in Sources */,
				841C0BEF1EB9363800902D10 /* Color.swift in Sources */,
				848FFD461E76F30700F1BBF7 /* EmptyView.swift in Sources */,
				841461C31E798482007D5002 /* HomeViewController.swift in Sources */,
				84B378081E69B27500013603 /* Appearance.swift in Sources */,
				841C0BE71EB92DB700902D10 /* GoalsViewController.swift in Sources */,
				84B378181E69B5AF00013603 /* NSObject.swift in Sources */,
				848FFD6A1E76F30700F1BBF7 /* CollectionViewDelegate.swift in Sources */,
				848FFD6C1E76F30700F1BBF7 /* TableViewController.swift in Sources */,
				841C0BDD1EB92DB700902D10 /* GoalsListDataItem.swift in Sources */,
				841C0BE91EB92DB700902D10 /* GoalsWireframe.swift in Sources */,
				848FFD4E1E76F30700F1BBF7 /* PagingInteractor.swift in Sources */,
				841461B91E798482007D5002 /* HomeListDataItem.swift in Sources */,
				8431C69A1E7DA70100F47041 /* MenuListDataItem.swift in Sources */,
				841461BF1E798482007D5002 /* HomeListTableViewCell.swift in Sources */,
				841461BB1E798482007D5002 /* HomeListDisplayItem.swift in Sources */,
				84B3780E1E69B27500013603 /* String.swift in Sources */,
				841C0BE31EB92DB700902D10 /* GoalsListTableViewCell.swift in Sources */,
				8431C69E1E7DA70100F47041 /* MenuModule.swift in Sources */,
				848FFD4C1E76F30700F1BBF7 /* Wireframe.swift in Sources */,
				841461B71E798482007D5002 /* HomeInteractor.swift in Sources */,
				84C3345D1E7990F00088F561 /* NSRange.swift in Sources */,
				841C0BD71EB92DB700902D10 /* GoalsInterfaces.swift in Sources */,
				841C0BD91EB92DB700902D10 /* GoalsModule.swift in Sources */,
				848FFD521E76F30700F1BBF7 /* PagingPresenter.swift in Sources */,
				841C0BEC1EB9310D00902D10 /* Constants.swift in Sources */,
				841461BD1E798482007D5002 /* HomePresenter.swift in Sources */,
				848FFD4A1E76F30700F1BBF7 /* ViewController.swift in Sources */,
				848FFD661E76F30700F1BBF7 /* CollectionViewController.swift in Sources */,
				848FFD501E76F30700F1BBF7 /* PagingInterfaces.swift in Sources */,
				841C0BDB1EB92DB700902D10 /* GoalsInteractor.swift in Sources */,
				848FFD681E76F30700F1BBF7 /* CollectionViewDataSource.swift in Sources */,
				8431C6A01E7DA70100F47041 /* MenuListDisplayItem.swift in Sources */,
				84B3781C1E69B5AF00013603 /* UITableView.swift in Sources */,
				8431C6A81E7DA70100F47041 /* MenuViewController.swift in Sources */,
				841461C51E798482007D5002 /* HomeWireframe.swift in Sources */,
				84B3780C1E69B27500013603 /* NSDate.swift in Sources */,
				841461B51E798482007D5002 /* HomeModule.swift in Sources */,
				841461B31E798482007D5002 /* HomeInterfaces.swift in Sources */,
				84B3781A1E69B5AF00013603 /* UICollectionView.swift in Sources */,
				841C0BDF1EB92DB700902D10 /* GoalsListDisplayItem.swift in Sources */,
				84B3780A1E69B27500013603 /* Font.swift in Sources */,
				8431C6A41E7DA70100F47041 /* MenuListTableViewCell.swift in Sources */,
				848FFD6E1E76F30700F1BBF7 /* TableViewDataSource.swift in Sources */,
			);
			runOnlyForDeploymentPostprocessing = 0;
		};
/* End PBXSourcesBuildPhase section */

/* Begin PBXTargetDependency section */
		84839C191E65D08A00751F65 /* PBXTargetDependency */ = {
			isa = PBXTargetDependency;
			target = 84839C021E65D08A00751F65 /* TennisTrackit [Development] */;
			targetProxy = 84839C181E65D08A00751F65 /* PBXContainerItemProxy */;
		};
/* End PBXTargetDependency section */

/* Begin PBXVariantGroup section */
		84839C0F1E65D08A00751F65 /* LaunchScreen.storyboard */ = {
			isa = PBXVariantGroup;
			children = (
				84839C101E65D08A00751F65 /* Base */,
			);
			name = LaunchScreen.storyboard;
			sourceTree = "<group>";
		};
/* End PBXVariantGroup section */

/* Begin XCBuildConfiguration section */
		84839C1E1E65D08A00751F65 /* Debug */ = {
			isa = XCBuildConfiguration;
			buildSettings = {
				ALWAYS_SEARCH_USER_PATHS = NO;
				CLANG_ANALYZER_NONNULL = YES;
				CLANG_CXX_LANGUAGE_STANDARD = "gnu++0x";
				CLANG_CXX_LIBRARY = "libc++";
				CLANG_ENABLE_MODULES = YES;
				CLANG_ENABLE_OBJC_ARC = YES;
				CLANG_WARN_BOOL_CONVERSION = YES;
				CLANG_WARN_CONSTANT_CONVERSION = YES;
				CLANG_WARN_DIRECT_OBJC_ISA_USAGE = YES_ERROR;
				CLANG_WARN_DOCUMENTATION_COMMENTS = YES;
				CLANG_WARN_EMPTY_BODY = YES;
				CLANG_WARN_ENUM_CONVERSION = YES;
				CLANG_WARN_INFINITE_RECURSION = YES;
				CLANG_WARN_INT_CONVERSION = YES;
				CLANG_WARN_OBJC_ROOT_CLASS = YES_ERROR;
				CLANG_WARN_SUSPICIOUS_MOVE = YES;
				CLANG_WARN_UNREACHABLE_CODE = YES;
				CLANG_WARN__DUPLICATE_METHOD_MATCH = YES;
				"CODE_SIGN_IDENTITY[sdk=iphoneos*]" = "iPhone Developer";
				COPY_PHASE_STRIP = NO;
				DEBUG_INFORMATION_FORMAT = dwarf;
				ENABLE_STRICT_OBJC_MSGSEND = YES;
				ENABLE_TESTABILITY = YES;
				GCC_C_LANGUAGE_STANDARD = gnu99;
				GCC_DYNAMIC_NO_PIC = NO;
				GCC_NO_COMMON_BLOCKS = YES;
				GCC_OPTIMIZATION_LEVEL = 0;
				GCC_PREPROCESSOR_DEFINITIONS = (
					"DEBUG=1",
					"$(inherited)",
				);
				GCC_WARN_64_TO_32_BIT_CONVERSION = YES;
				GCC_WARN_ABOUT_RETURN_TYPE = YES_ERROR;
				GCC_WARN_UNDECLARED_SELECTOR = YES;
				GCC_WARN_UNINITIALIZED_AUTOS = YES_AGGRESSIVE;
				GCC_WARN_UNUSED_FUNCTION = YES;
				GCC_WARN_UNUSED_VARIABLE = YES;
				IPHONEOS_DEPLOYMENT_TARGET = 9.0;
				MTL_ENABLE_DEBUG_INFO = YES;
				ONLY_ACTIVE_ARCH = YES;
				SDKROOT = iphoneos;
				SWIFT_ACTIVE_COMPILATION_CONDITIONS = DEBUG;
				SWIFT_OPTIMIZATION_LEVEL = "-Onone";
			};
			name = Debug;
		};
		84839C1F1E65D08A00751F65 /* Release */ = {
			isa = XCBuildConfiguration;
			buildSettings = {
				ALWAYS_SEARCH_USER_PATHS = NO;
				CLANG_ANALYZER_NONNULL = YES;
				CLANG_CXX_LANGUAGE_STANDARD = "gnu++0x";
				CLANG_CXX_LIBRARY = "libc++";
				CLANG_ENABLE_MODULES = YES;
				CLANG_ENABLE_OBJC_ARC = YES;
				CLANG_WARN_BOOL_CONVERSION = YES;
				CLANG_WARN_CONSTANT_CONVERSION = YES;
				CLANG_WARN_DIRECT_OBJC_ISA_USAGE = YES_ERROR;
				CLANG_WARN_DOCUMENTATION_COMMENTS = YES;
				CLANG_WARN_EMPTY_BODY = YES;
				CLANG_WARN_ENUM_CONVERSION = YES;
				CLANG_WARN_INFINITE_RECURSION = YES;
				CLANG_WARN_INT_CONVERSION = YES;
				CLANG_WARN_OBJC_ROOT_CLASS = YES_ERROR;
				CLANG_WARN_SUSPICIOUS_MOVE = YES;
				CLANG_WARN_UNREACHABLE_CODE = YES;
				CLANG_WARN__DUPLICATE_METHOD_MATCH = YES;
				"CODE_SIGN_IDENTITY[sdk=iphoneos*]" = "iPhone Developer";
				COPY_PHASE_STRIP = NO;
				DEBUG_INFORMATION_FORMAT = "dwarf-with-dsym";
				ENABLE_NS_ASSERTIONS = NO;
				ENABLE_STRICT_OBJC_MSGSEND = YES;
				GCC_C_LANGUAGE_STANDARD = gnu99;
				GCC_NO_COMMON_BLOCKS = YES;
				GCC_WARN_64_TO_32_BIT_CONVERSION = YES;
				GCC_WARN_ABOUT_RETURN_TYPE = YES_ERROR;
				GCC_WARN_UNDECLARED_SELECTOR = YES;
				GCC_WARN_UNINITIALIZED_AUTOS = YES_AGGRESSIVE;
				GCC_WARN_UNUSED_FUNCTION = YES;
				GCC_WARN_UNUSED_VARIABLE = YES;
				IPHONEOS_DEPLOYMENT_TARGET = 9.0;
				MTL_ENABLE_DEBUG_INFO = NO;
				SDKROOT = iphoneos;
				SWIFT_OPTIMIZATION_LEVEL = "-Owholemodule";
				VALIDATE_PRODUCT = YES;
			};
			name = Release;
		};
		84839C211E65D08A00751F65 /* Debug */ = {
			isa = XCBuildConfiguration;
			baseConfigurationReference = 828CECB763F9D9A0CE20356F /* Pods-TennisTrackit [Development].debug.xcconfig */;
			buildSettings = {
				ALWAYS_EMBED_SWIFT_STANDARD_LIBRARIES = YES;
				ASSETCATALOG_COMPILER_APPICON_NAME = AppIcon;
				INFOPLIST_FILE = TennisTrackit/Info.plist;
				LD_RUNPATH_SEARCH_PATHS = "$(inherited) @executable_path/Frameworks";
				PRODUCT_BUNDLE_IDENTIFIER = com.dogfish.TennisTrackit;
				PRODUCT_NAME = "$(TARGET_NAME)";
				SWIFT_VERSION = 3.0;
			};
			name = Debug;
		};
		84839C221E65D08A00751F65 /* Release */ = {
			isa = XCBuildConfiguration;
			baseConfigurationReference = 7F87AAEE2EB7D8E056847C19 /* Pods-TennisTrackit [Development].release.xcconfig */;
			buildSettings = {
				ALWAYS_EMBED_SWIFT_STANDARD_LIBRARIES = YES;
				ASSETCATALOG_COMPILER_APPICON_NAME = AppIcon;
				INFOPLIST_FILE = TennisTrackit/Info.plist;
				LD_RUNPATH_SEARCH_PATHS = "$(inherited) @executable_path/Frameworks";
				PRODUCT_BUNDLE_IDENTIFIER = com.dogfish.TennisTrackit;
				PRODUCT_NAME = "$(TARGET_NAME)";
				SWIFT_VERSION = 3.0;
			};
			name = Release;
		};
		84839C241E65D08A00751F65 /* Debug */ = {
			isa = XCBuildConfiguration;
			buildSettings = {
				ALWAYS_EMBED_SWIFT_STANDARD_LIBRARIES = YES;
				BUNDLE_LOADER = "$(TEST_HOST)";
				INFOPLIST_FILE = TennisTrackitTests/Info.plist;
				LD_RUNPATH_SEARCH_PATHS = "$(inherited) @executable_path/Frameworks @loader_path/Frameworks";
				PRODUCT_BUNDLE_IDENTIFIER = com.dogfish.TennisTrackitTests;
				PRODUCT_NAME = "$(TARGET_NAME)";
				SWIFT_VERSION = 3.0;
				TEST_HOST = "$(BUILT_PRODUCTS_DIR)/TennisTrackit.app/TennisTrackit";
			};
			name = Debug;
		};
		84839C251E65D08A00751F65 /* Release */ = {
			isa = XCBuildConfiguration;
			buildSettings = {
				ALWAYS_EMBED_SWIFT_STANDARD_LIBRARIES = YES;
				BUNDLE_LOADER = "$(TEST_HOST)";
				INFOPLIST_FILE = TennisTrackitTests/Info.plist;
				LD_RUNPATH_SEARCH_PATHS = "$(inherited) @executable_path/Frameworks @loader_path/Frameworks";
				PRODUCT_BUNDLE_IDENTIFIER = com.dogfish.TennisTrackitTests;
				PRODUCT_NAME = "$(TARGET_NAME)";
				SWIFT_VERSION = 3.0;
				TEST_HOST = "$(BUILT_PRODUCTS_DIR)/TennisTrackit.app/TennisTrackit";
			};
			name = Release;
		};
		84839C2E1E65D19200751F65 /* Debug */ = {
			isa = XCBuildConfiguration;
			baseConfigurationReference = DA0ECAAEDB675552BA4D9E79 /* Pods-TennisTrackit [Enterprise].debug.xcconfig */;
			buildSettings = {
				ALWAYS_EMBED_SWIFT_STANDARD_LIBRARIES = YES;
				ASSETCATALOG_COMPILER_APPICON_NAME = AppIcon;
				INFOPLIST_FILE = "TennisTrackit copy-Info.plist";
				LD_RUNPATH_SEARCH_PATHS = "$(inherited) @executable_path/Frameworks";
				PRODUCT_BUNDLE_IDENTIFIER = com.dogfish.TennisTrackit;
				PRODUCT_NAME = "$(TARGET_NAME)";
				SWIFT_VERSION = 3.0;
			};
			name = Debug;
		};
		84839C2F1E65D19200751F65 /* Release */ = {
			isa = XCBuildConfiguration;
			baseConfigurationReference = FDEA6CFA2AC16DF58C81A3ED /* Pods-TennisTrackit [Enterprise].release.xcconfig */;
			buildSettings = {
				ALWAYS_EMBED_SWIFT_STANDARD_LIBRARIES = YES;
				ASSETCATALOG_COMPILER_APPICON_NAME = AppIcon;
				INFOPLIST_FILE = "TennisTrackit copy-Info.plist";
				LD_RUNPATH_SEARCH_PATHS = "$(inherited) @executable_path/Frameworks";
				PRODUCT_BUNDLE_IDENTIFIER = com.dogfish.TennisTrackit;
				PRODUCT_NAME = "$(TARGET_NAME)";
				SWIFT_VERSION = 3.0;
			};
			name = Release;
		};
/* End XCBuildConfiguration section */

/* Begin XCConfigurationList section */
		84839BFE1E65D08A00751F65 /* Build configuration list for PBXProject "TennisTrackit" */ = {
			isa = XCConfigurationList;
			buildConfigurations = (
				84839C1E1E65D08A00751F65 /* Debug */,
				84839C1F1E65D08A00751F65 /* Release */,
			);
			defaultConfigurationIsVisible = 0;
			defaultConfigurationName = Release;
		};
		84839C201E65D08A00751F65 /* Build configuration list for PBXNativeTarget "TennisTrackit [Development]" */ = {
			isa = XCConfigurationList;
			buildConfigurations = (
				84839C211E65D08A00751F65 /* Debug */,
				84839C221E65D08A00751F65 /* Release */,
			);
			defaultConfigurationIsVisible = 0;
			defaultConfigurationName = Release;
		};
		84839C231E65D08A00751F65 /* Build configuration list for PBXNativeTarget "TennisTrackitTests" */ = {
			isa = XCConfigurationList;
			buildConfigurations = (
				84839C241E65D08A00751F65 /* Debug */,
				84839C251E65D08A00751F65 /* Release */,
			);
			defaultConfigurationIsVisible = 0;
			defaultConfigurationName = Release;
		};
		84839C2D1E65D19200751F65 /* Build configuration list for PBXNativeTarget "TennisTrackit [Enterprise]" */ = {
			isa = XCConfigurationList;
			buildConfigurations = (
				84839C2E1E65D19200751F65 /* Debug */,
				84839C2F1E65D19200751F65 /* Release */,
			);
			defaultConfigurationIsVisible = 0;
			defaultConfigurationName = Release;
		};
/* End XCConfigurationList section */
	};
	rootObject = 84839BFB1E65D08A00751F65 /* Project object */;
}
